// !$*UTF8*$!
{
	archiveVersion = 1;
	classes = {
	};
	objectVersion = 46;
	objects = {

/* Begin PBXBuildFile section */
		1326F4A318811D9A008C90CB /* dibiao.png in Resources */ = {isa = PBXBuildFile; fileRef = 1326F4A218811D9A008C90CB /* dibiao.png */; };
		1337D77E1839A0AD003BF9C7 /* Foundation.framework in Frameworks */ = {isa = PBXBuildFile; fileRef = 1337D77D1839A0AD003BF9C7 /* Foundation.framework */; };
		1337D7801839A0AD003BF9C7 /* CoreGraphics.framework in Frameworks */ = {isa = PBXBuildFile; fileRef = 1337D77F1839A0AD003BF9C7 /* CoreGraphics.framework */; };
		1337D7821839A0AD003BF9C7 /* UIKit.framework in Frameworks */ = {isa = PBXBuildFile; fileRef = 1337D7811839A0AD003BF9C7 /* UIKit.framework */; };
		1337D7881839A0AD003BF9C7 /* InfoPlist.strings in Resources */ = {isa = PBXBuildFile; fileRef = 1337D7861839A0AD003BF9C7 /* InfoPlist.strings */; };
		1337D78A1839A0AD003BF9C7 /* main.m in Sources */ = {isa = PBXBuildFile; fileRef = 1337D7891839A0AD003BF9C7 /* main.m */; };
		1337D78E1839A0AD003BF9C7 /* AppDelegate.m in Sources */ = {isa = PBXBuildFile; fileRef = 1337D78D1839A0AD003BF9C7 /* AppDelegate.m */; };
		1337D7961839A0AD003BF9C7 /* Images.xcassets in Resources */ = {isa = PBXBuildFile; fileRef = 1337D7951839A0AD003BF9C7 /* Images.xcassets */; };
		1337D79D1839A0AD003BF9C7 /* XCTest.framework in Frameworks */ = {isa = PBXBuildFile; fileRef = 1337D79C1839A0AD003BF9C7 /* XCTest.framework */; };
		1337D79E1839A0AD003BF9C7 /* Foundation.framework in Frameworks */ = {isa = PBXBuildFile; fileRef = 1337D77D1839A0AD003BF9C7 /* Foundation.framework */; };
		1337D79F1839A0AD003BF9C7 /* UIKit.framework in Frameworks */ = {isa = PBXBuildFile; fileRef = 1337D7811839A0AD003BF9C7 /* UIKit.framework */; };
		1337D7A71839A0AD003BF9C7 /* InfoPlist.strings in Resources */ = {isa = PBXBuildFile; fileRef = 1337D7A51839A0AD003BF9C7 /* InfoPlist.strings */; };
		1337D7A91839A0AD003BF9C7 /* GradeTests.m in Sources */ = {isa = PBXBuildFile; fileRef = 1337D7A81839A0AD003BF9C7 /* GradeTests.m */; };
		1337D7B81839BEFC003BF9C7 /* GrButton.m in Sources */ = {isa = PBXBuildFile; fileRef = 1337D7B71839BEFC003BF9C7 /* GrButton.m */; };
		1347DDBA187AC84600BFAFA2 /* 满意.png in Resources */ = {isa = PBXBuildFile; fileRef = 1347DDB9187AC84600BFAFA2 /* 满意.png */; };
		1347DDBC187AC84A00BFAFA2 /* 不满意.png in Resources */ = {isa = PBXBuildFile; fileRef = 1347DDBB187AC84A00BFAFA2 /* 不满意.png */; };
		1347DDC5187AC98C00BFAFA2 /* title_1.png in Resources */ = {isa = PBXBuildFile; fileRef = 1347DDBD187AC98C00BFAFA2 /* title_1.png */; };
		1347DDC6187AC98C00BFAFA2 /* title_1B.png in Resources */ = {isa = PBXBuildFile; fileRef = 1347DDBE187AC98C00BFAFA2 /* title_1B.png */; };
		1347DDC7187AC98C00BFAFA2 /* title_2.png in Resources */ = {isa = PBXBuildFile; fileRef = 1347DDBF187AC98C00BFAFA2 /* title_2.png */; };
		1347DDC8187AC98C00BFAFA2 /* title_2B.png in Resources */ = {isa = PBXBuildFile; fileRef = 1347DDC0187AC98C00BFAFA2 /* title_2B.png */; };
		1347DDC9187AC98C00BFAFA2 /* title_4.png in Resources */ = {isa = PBXBuildFile; fileRef = 1347DDC1187AC98C00BFAFA2 /* title_4.png */; };
		1347DDCA187AC98C00BFAFA2 /* title_4B.png in Resources */ = {isa = PBXBuildFile; fileRef = 1347DDC2187AC98C00BFAFA2 /* title_4B.png */; };
		1347DDCB187AC98C00BFAFA2 /* title_5.png in Resources */ = {isa = PBXBuildFile; fileRef = 1347DDC3187AC98C00BFAFA2 /* title_5.png */; };
		1347DDCC187AC98C00BFAFA2 /* title_5B.png in Resources */ = {isa = PBXBuildFile; fileRef = 1347DDC4187AC98C00BFAFA2 /* title_5B.png */; };
		1347DDCF187AC99200BFAFA2 /* title_3.png in Resources */ = {isa = PBXBuildFile; fileRef = 1347DDCD187AC99200BFAFA2 /* title_3.png */; };
		1347DDD0187AC99200BFAFA2 /* title_3B.png in Resources */ = {isa = PBXBuildFile; fileRef = 1347DDCE187AC99200BFAFA2 /* title_3B.png */; };
		1347DE4A187ACCCE00BFAFA2 /* libxml2.2.dylib in Frameworks */ = {isa = PBXBuildFile; fileRef = 1347DE49187ACCCE00BFAFA2 /* libxml2.2.dylib */; };
		1347DE8B187ACD6700BFAFA2 /* ASIAuthenticationDialog.m in Sources */ = {isa = PBXBuildFile; fileRef = 1347DE72187ACD6700BFAFA2 /* ASIAuthenticationDialog.m */; settings = {COMPILER_FLAGS = "-fno-objc-arc"; }; };
		1347DE8C187ACD6700BFAFA2 /* ASIDataCompressor.m in Sources */ = {isa = PBXBuildFile; fileRef = 1347DE75187ACD6700BFAFA2 /* ASIDataCompressor.m */; settings = {COMPILER_FLAGS = "-fno-objc-arc"; }; };
		1347DE8D187ACD6700BFAFA2 /* ASIDataDecompressor.m in Sources */ = {isa = PBXBuildFile; fileRef = 1347DE77187ACD6700BFAFA2 /* ASIDataDecompressor.m */; settings = {COMPILER_FLAGS = "-fno-objc-arc"; }; };
		1347DE8E187ACD6700BFAFA2 /* ASIDownloadCache.m in Sources */ = {isa = PBXBuildFile; fileRef = 1347DE79187ACD6700BFAFA2 /* ASIDownloadCache.m */; settings = {COMPILER_FLAGS = "-fno-objc-arc"; }; };
		1347DE8F187ACD6700BFAFA2 /* ASIFormDataRequest.m in Sources */ = {isa = PBXBuildFile; fileRef = 1347DE7B187ACD6700BFAFA2 /* ASIFormDataRequest.m */; settings = {COMPILER_FLAGS = "-fno-objc-arc"; }; };
		1347DE90187ACD6700BFAFA2 /* ASIHTTPRequest.m in Sources */ = {isa = PBXBuildFile; fileRef = 1347DE7D187ACD6700BFAFA2 /* ASIHTTPRequest.m */; settings = {COMPILER_FLAGS = "-fno-objc-arc"; }; };
		1347DE91187ACD6700BFAFA2 /* ASIInputStream.m in Sources */ = {isa = PBXBuildFile; fileRef = 1347DE81187ACD6700BFAFA2 /* ASIInputStream.m */; settings = {COMPILER_FLAGS = "-fno-objc-arc"; }; };
		1347DE92187ACD6700BFAFA2 /* ASINetworkQueue.m in Sources */ = {isa = PBXBuildFile; fileRef = 1347DE83187ACD6700BFAFA2 /* ASINetworkQueue.m */; settings = {COMPILER_FLAGS = "-fno-objc-arc"; }; };
		1347DE93187ACD6700BFAFA2 /* README-GHUnit in Resources */ = {isa = PBXBuildFile; fileRef = 1347DE87187ACD6700BFAFA2 /* README-GHUnit */; };
		1347DE94187ACD6700BFAFA2 /* PKReachability.m in Sources */ = {isa = PBXBuildFile; fileRef = 1347DE8A187ACD6700BFAFA2 /* PKReachability.m */; settings = {COMPILER_FLAGS = "-fno-objc-arc"; }; };
		135BD5CC18444034003D57C3 /* GradeView.m in Sources */ = {isa = PBXBuildFile; fileRef = 135BD5CB18444034003D57C3 /* GradeView.m */; };
		135BD5D11844719E003D57C3 /* GradeView.xib in Resources */ = {isa = PBXBuildFile; fileRef = 135BD5D01844719E003D57C3 /* GradeView.xib */; };
		135BD5DD18449C6E003D57C3 /* ViewController.m in Sources */ = {isa = PBXBuildFile; fileRef = 135BD5DC18449C6E003D57C3 /* ViewController.m */; };
		135BD6091844B872003D57C3 /* CFNetwork.framework in Frameworks */ = {isa = PBXBuildFile; fileRef = 135BD6081844B872003D57C3 /* CFNetwork.framework */; };
		135BD60B1844B87F003D57C3 /* SystemConfiguration.framework in Frameworks */ = {isa = PBXBuildFile; fileRef = 135BD60A1844B87F003D57C3 /* SystemConfiguration.framework */; };
		135BD60D1844B889003D57C3 /* MobileCoreServices.framework in Frameworks */ = {isa = PBXBuildFile; fileRef = 135BD60C1844B889003D57C3 /* MobileCoreServices.framework */; };
		135BD60F1844B899003D57C3 /* libz.1.2.5.dylib in Frameworks */ = {isa = PBXBuildFile; fileRef = 135BD60E1844B898003D57C3 /* libz.1.2.5.dylib */; };
		135F3388183DA5AE0045ADFB /* GradeInfo.plist in Resources */ = {isa = PBXBuildFile; fileRef = 135F3387183DA5AE0045ADFB /* GradeInfo.plist */; };
		136EDC751875881200305A3B /* Thank_image.jpg in Resources */ = {isa = PBXBuildFile; fileRef = 136EDC741875881200305A3B /* Thank_image.jpg */; };
		137FE69B187F88C500DD44B2 /* Grade_100.png in Resources */ = {isa = PBXBuildFile; fileRef = 137FE697187F88C500DD44B2 /* Grade_100.png */; };
		137FE69C187F88C500DD44B2 /* Grade_144.png in Resources */ = {isa = PBXBuildFile; fileRef = 137FE698187F88C500DD44B2 /* Grade_144.png */; };
		137FE69D187F88C500DD44B2 /* Grade_72.png in Resources */ = {isa = PBXBuildFile; fileRef = 137FE699187F88C500DD44B2 /* Grade_72.png */; };
		137FE69E187F88C500DD44B2 /* Grade_50.png in Resources */ = {isa = PBXBuildFile; fileRef = 137FE69A187F88C500DD44B2 /* Grade_50.png */; };
		1392E7CE187C4700000CC840 /* logo pic.png in Resources */ = {isa = PBXBuildFile; fileRef = 1392E7CD187C4700000CC840 /* logo pic.png */; };
		13A4EC02187E2E2F009377D2 /* AMDraggableBlurView.m in Sources */ = {isa = PBXBuildFile; fileRef = 13A4EC01187E2E2F009377D2 /* AMDraggableBlurView.m */; };
		13A4EC06187E32EB009377D2 /* JVFloatLabeledTextField.m in Sources */ = {isa = PBXBuildFile; fileRef = 13A4EC05187E32EB009377D2 /* JVFloatLabeledTextField.m */; };
		13A4EC0F187E45C2009377D2 /* CLProgressHUD.m in Sources */ = {isa = PBXBuildFile; fileRef = 13A4EC0E187E45C2009377D2 /* CLProgressHUD.m */; };
		13A4EC24187E9BC1009377D2 /* pic_back.png in Resources */ = {isa = PBXBuildFile; fileRef = 13A4EC23187E9BC1009377D2 /* pic_back.png */; };
		13A4EC2C187EA0E5009377D2 /* 1024*768.png in Resources */ = {isa = PBXBuildFile; fileRef = 13A4EC2B187EA0E5009377D2 /* 1024*768.png */; };
		13A4EC2D187EA2C8009377D2 /* GrTopicView.xib in Resources */ = {isa = PBXBuildFile; fileRef = 13A67446187A3DFD00E272C9 /* GrTopicView.xib */; };
		13A67445187A3D4E00E272C9 /* GrTopicView.m in Sources */ = {isa = PBXBuildFile; fileRef = 13A67444187A3D4E00E272C9 /* GrTopicView.m */; };
		13A6CE5B187BE737001C7CF8 /* TopicViewCell.m in Sources */ = {isa = PBXBuildFile; fileRef = 13A6CE5A187BE737001C7CF8 /* TopicViewCell.m */; };
		13A6CE5D187BE74A001C7CF8 /* TopicViewCell.xib in Resources */ = {isa = PBXBuildFile; fileRef = 13A6CE5C187BE74A001C7CF8 /* TopicViewCell.xib */; };
		13A6CE65187BEF26001C7CF8 /* Grade_152.png in Resources */ = {isa = PBXBuildFile; fileRef = 13A6CE5F187BEF26001C7CF8 /* Grade_152.png */; };
		13A6CE66187BEF26001C7CF8 /* Grade_29.png in Resources */ = {isa = PBXBuildFile; fileRef = 13A6CE60187BEF26001C7CF8 /* Grade_29.png */; };
		13A6CE67187BEF26001C7CF8 /* Grade_40.png in Resources */ = {isa = PBXBuildFile; fileRef = 13A6CE61187BEF26001C7CF8 /* Grade_40.png */; };
		13A6CE68187BEF26001C7CF8 /* Grade_58.png in Resources */ = {isa = PBXBuildFile; fileRef = 13A6CE62187BEF26001C7CF8 /* Grade_58.png */; };
		13A6CE69187BEF26001C7CF8 /* Grade_76.png in Resources */ = {isa = PBXBuildFile; fileRef = 13A6CE63187BEF26001C7CF8 /* Grade_76.png */; };
		13A6CE6A187BEF26001C7CF8 /* Grade_80.png in Resources */ = {isa = PBXBuildFile; fileRef = 13A6CE64187BEF26001C7CF8 /* Grade_80.png */; };
		13A6CEB7187BF85F001C7CF8 /* 2048*1536.png in Resources */ = {isa = PBXBuildFile; fileRef = 13A6CEB6187BF85F001C7CF8 /* 2048*1536.png */; };
		13A6E85618758E4D0023855E /* ViewController.xib in Resources */ = {isa = PBXBuildFile; fileRef = 13A6E85518758E4D0023855E /* ViewController.xib */; };
		13CBD9C918437E0A0051051A /* CoreData.framework in Frameworks */ = {isa = PBXBuildFile; fileRef = 13CBD9C818437E0A0051051A /* CoreData.framework */; };
		13CBD9CB18437E150051051A /* QuartzCore.framework in Frameworks */ = {isa = PBXBuildFile; fileRef = 13CBD9CA18437E150051051A /* QuartzCore.framework */; };
/* End PBXBuildFile section */

/* Begin PBXContainerItemProxy section */
		1337D7A01839A0AD003BF9C7 /* PBXContainerItemProxy */ = {
			isa = PBXContainerItemProxy;
			containerPortal = 1337D7721839A0AD003BF9C7 /* Project object */;
			proxyType = 1;
			remoteGlobalIDString = 1337D7791839A0AD003BF9C7;
			remoteInfo = Grade;
		};
/* End PBXContainerItemProxy section */

/* Begin PBXFileReference section */
		1326F4A218811D9A008C90CB /* dibiao.png */ = {isa = PBXFileReference; lastKnownFileType = image.png; path = dibiao.png; sourceTree = "<group>"; };
		1337D77A1839A0AD003BF9C7 /* Grade.app */ = {isa = PBXFileReference; explicitFileType = wrapper.application; includeInIndex = 0; path = Grade.app; sourceTree = BUILT_PRODUCTS_DIR; };
		1337D77D1839A0AD003BF9C7 /* Foundation.framework */ = {isa = PBXFileReference; lastKnownFileType = wrapper.framework; name = Foundation.framework; path = System/Library/Frameworks/Foundation.framework; sourceTree = SDKROOT; };
		1337D77F1839A0AD003BF9C7 /* CoreGraphics.framework */ = {isa = PBXFileReference; lastKnownFileType = wrapper.framework; name = CoreGraphics.framework; path = System/Library/Frameworks/CoreGraphics.framework; sourceTree = SDKROOT; };
		1337D7811839A0AD003BF9C7 /* UIKit.framework */ = {isa = PBXFileReference; lastKnownFileType = wrapper.framework; name = UIKit.framework; path = System/Library/Frameworks/UIKit.framework; sourceTree = SDKROOT; };
		1337D7851839A0AD003BF9C7 /* Grade-Info.plist */ = {isa = PBXFileReference; lastKnownFileType = text.plist.xml; path = "Grade-Info.plist"; sourceTree = "<group>"; };
		1337D7871839A0AD003BF9C7 /* en */ = {isa = PBXFileReference; lastKnownFileType = text.plist.strings; name = en; path = en.lproj/InfoPlist.strings; sourceTree = "<group>"; };
		1337D7891839A0AD003BF9C7 /* main.m */ = {isa = PBXFileReference; lastKnownFileType = sourcecode.c.objc; path = main.m; sourceTree = "<group>"; };
		1337D78B1839A0AD003BF9C7 /* Grade-Prefix.pch */ = {isa = PBXFileReference; lastKnownFileType = sourcecode.c.h; path = "Grade-Prefix.pch"; sourceTree = "<group>"; };
		1337D78C1839A0AD003BF9C7 /* AppDelegate.h */ = {isa = PBXFileReference; lastKnownFileType = sourcecode.c.h; path = AppDelegate.h; sourceTree = "<group>"; };
		1337D78D1839A0AD003BF9C7 /* AppDelegate.m */ = {isa = PBXFileReference; lastKnownFileType = sourcecode.c.objc; path = AppDelegate.m; sourceTree = "<group>"; };
		1337D7951839A0AD003BF9C7 /* Images.xcassets */ = {isa = PBXFileReference; lastKnownFileType = folder.assetcatalog; path = Images.xcassets; sourceTree = "<group>"; };
		1337D79B1839A0AD003BF9C7 /* GradeTests.xctest */ = {isa = PBXFileReference; explicitFileType = wrapper.cfbundle; includeInIndex = 0; path = GradeTests.xctest; sourceTree = BUILT_PRODUCTS_DIR; };
		1337D79C1839A0AD003BF9C7 /* XCTest.framework */ = {isa = PBXFileReference; lastKnownFileType = wrapper.framework; name = XCTest.framework; path = Library/Frameworks/XCTest.framework; sourceTree = DEVELOPER_DIR; };
		1337D7A41839A0AD003BF9C7 /* GradeTests-Info.plist */ = {isa = PBXFileReference; lastKnownFileType = text.plist.xml; path = "GradeTests-Info.plist"; sourceTree = "<group>"; };
		1337D7A61839A0AD003BF9C7 /* en */ = {isa = PBXFileReference; lastKnownFileType = text.plist.strings; name = en; path = en.lproj/InfoPlist.strings; sourceTree = "<group>"; };
		1337D7A81839A0AD003BF9C7 /* GradeTests.m */ = {isa = PBXFileReference; lastKnownFileType = sourcecode.c.objc; path = GradeTests.m; sourceTree = "<group>"; };
		1337D7B61839BEFC003BF9C7 /* GrButton.h */ = {isa = PBXFileReference; fileEncoding = 4; lastKnownFileType = sourcecode.c.h; path = GrButton.h; sourceTree = "<group>"; };
		1337D7B71839BEFC003BF9C7 /* GrButton.m */ = {isa = PBXFileReference; fileEncoding = 4; lastKnownFileType = sourcecode.c.objc; path = GrButton.m; sourceTree = "<group>"; };
		1347DDB9187AC84600BFAFA2 /* 满意.png */ = {isa = PBXFileReference; lastKnownFileType = image.png; path = "满意.png"; sourceTree = "<group>"; };
		1347DDBB187AC84A00BFAFA2 /* 不满意.png */ = {isa = PBXFileReference; lastKnownFileType = image.png; path = "不满意.png"; sourceTree = "<group>"; };
		1347DDBD187AC98C00BFAFA2 /* title_1.png */ = {isa = PBXFileReference; lastKnownFileType = image.png; path = title_1.png; sourceTree = "<group>"; };
		1347DDBE187AC98C00BFAFA2 /* title_1B.png */ = {isa = PBXFileReference; lastKnownFileType = image.png; path = title_1B.png; sourceTree = "<group>"; };
		1347DDBF187AC98C00BFAFA2 /* title_2.png */ = {isa = PBXFileReference; lastKnownFileType = image.png; path = title_2.png; sourceTree = "<group>"; };
		1347DDC0187AC98C00BFAFA2 /* title_2B.png */ = {isa = PBXFileReference; lastKnownFileType = image.png; path = title_2B.png; sourceTree = "<group>"; };
		1347DDC1187AC98C00BFAFA2 /* title_4.png */ = {isa = PBXFileReference; lastKnownFileType = image.png; path = title_4.png; sourceTree = "<group>"; };
		1347DDC2187AC98C00BFAFA2 /* title_4B.png */ = {isa = PBXFileReference; lastKnownFileType = image.png; path = title_4B.png; sourceTree = "<group>"; };
		1347DDC3187AC98C00BFAFA2 /* title_5.png */ = {isa = PBXFileReference; lastKnownFileType = image.png; path = title_5.png; sourceTree = "<group>"; };
		1347DDC4187AC98C00BFAFA2 /* title_5B.png */ = {isa = PBXFileReference; lastKnownFileType = image.png; path = title_5B.png; sourceTree = "<group>"; };
		1347DDCD187AC99200BFAFA2 /* title_3.png */ = {isa = PBXFileReference; lastKnownFileType = image.png; path = title_3.png; sourceTree = "<group>"; };
		1347DDCE187AC99200BFAFA2 /* title_3B.png */ = {isa = PBXFileReference; lastKnownFileType = image.png; path = title_3B.png; sourceTree = "<group>"; };
		1347DE49187ACCCE00BFAFA2 /* libxml2.2.dylib */ = {isa = PBXFileReference; lastKnownFileType = "compiled.mach-o.dylib"; name = libxml2.2.dylib; path = usr/lib/libxml2.2.dylib; sourceTree = SDKROOT; };
		1347DE71187ACD6700BFAFA2 /* ASIAuthenticationDialog.h */ = {isa = PBXFileReference; fileEncoding = 4; lastKnownFileType = sourcecode.c.h; path = ASIAuthenticationDialog.h; sourceTree = "<group>"; };
		1347DE72187ACD6700BFAFA2 /* ASIAuthenticationDialog.m */ = {isa = PBXFileReference; fileEncoding = 4; lastKnownFileType = sourcecode.c.objc; path = ASIAuthenticationDialog.m; sourceTree = "<group>"; };
		1347DE73187ACD6700BFAFA2 /* ASICacheDelegate.h */ = {isa = PBXFileReference; fileEncoding = 4; lastKnownFileType = sourcecode.c.h; path = ASICacheDelegate.h; sourceTree = "<group>"; };
		1347DE74187ACD6700BFAFA2 /* ASIDataCompressor.h */ = {isa = PBXFileReference; fileEncoding = 4; lastKnownFileType = sourcecode.c.h; path = ASIDataCompressor.h; sourceTree = "<group>"; };
		1347DE75187ACD6700BFAFA2 /* ASIDataCompressor.m */ = {isa = PBXFileReference; fileEncoding = 4; lastKnownFileType = sourcecode.c.objc; path = ASIDataCompressor.m; sourceTree = "<group>"; };
		1347DE76187ACD6700BFAFA2 /* ASIDataDecompressor.h */ = {isa = PBXFileReference; fileEncoding = 4; lastKnownFileType = sourcecode.c.h; path = ASIDataDecompressor.h; sourceTree = "<group>"; };
		1347DE77187ACD6700BFAFA2 /* ASIDataDecompressor.m */ = {isa = PBXFileReference; fileEncoding = 4; lastKnownFileType = sourcecode.c.objc; path = ASIDataDecompressor.m; sourceTree = "<group>"; };
		1347DE78187ACD6700BFAFA2 /* ASIDownloadCache.h */ = {isa = PBXFileReference; fileEncoding = 4; lastKnownFileType = sourcecode.c.h; path = ASIDownloadCache.h; sourceTree = "<group>"; };
		1347DE79187ACD6700BFAFA2 /* ASIDownloadCache.m */ = {isa = PBXFileReference; fileEncoding = 4; lastKnownFileType = sourcecode.c.objc; path = ASIDownloadCache.m; sourceTree = "<group>"; };
		1347DE7A187ACD6700BFAFA2 /* ASIFormDataRequest.h */ = {isa = PBXFileReference; fileEncoding = 4; lastKnownFileType = sourcecode.c.h; path = ASIFormDataRequest.h; sourceTree = "<group>"; };
		1347DE7B187ACD6700BFAFA2 /* ASIFormDataRequest.m */ = {isa = PBXFileReference; fileEncoding = 4; lastKnownFileType = sourcecode.c.objc; path = ASIFormDataRequest.m; sourceTree = "<group>"; };
		1347DE7C187ACD6700BFAFA2 /* ASIHTTPRequest.h */ = {isa = PBXFileReference; fileEncoding = 4; lastKnownFileType = sourcecode.c.h; path = ASIHTTPRequest.h; sourceTree = "<group>"; };
		1347DE7D187ACD6700BFAFA2 /* ASIHTTPRequest.m */ = {isa = PBXFileReference; fileEncoding = 4; lastKnownFileType = sourcecode.c.objc; path = ASIHTTPRequest.m; sourceTree = "<group>"; };
		1347DE7E187ACD6700BFAFA2 /* ASIHTTPRequestConfig.h */ = {isa = PBXFileReference; fileEncoding = 4; lastKnownFileType = sourcecode.c.h; path = ASIHTTPRequestConfig.h; sourceTree = "<group>"; };
		1347DE7F187ACD6700BFAFA2 /* ASIHTTPRequestDelegate.h */ = {isa = PBXFileReference; fileEncoding = 4; lastKnownFileType = sourcecode.c.h; path = ASIHTTPRequestDelegate.h; sourceTree = "<group>"; };
		1347DE80187ACD6700BFAFA2 /* ASIInputStream.h */ = {isa = PBXFileReference; fileEncoding = 4; lastKnownFileType = sourcecode.c.h; path = ASIInputStream.h; sourceTree = "<group>"; };
		1347DE81187ACD6700BFAFA2 /* ASIInputStream.m */ = {isa = PBXFileReference; fileEncoding = 4; lastKnownFileType = sourcecode.c.objc; path = ASIInputStream.m; sourceTree = "<group>"; };
		1347DE82187ACD6700BFAFA2 /* ASINetworkQueue.h */ = {isa = PBXFileReference; fileEncoding = 4; lastKnownFileType = sourcecode.c.h; path = ASINetworkQueue.h; sourceTree = "<group>"; };
		1347DE83187ACD6700BFAFA2 /* ASINetworkQueue.m */ = {isa = PBXFileReference; fileEncoding = 4; lastKnownFileType = sourcecode.c.objc; path = ASINetworkQueue.m; sourceTree = "<group>"; };
		1347DE84187ACD6700BFAFA2 /* ASIProgressDelegate.h */ = {isa = PBXFileReference; fileEncoding = 4; lastKnownFileType = sourcecode.c.h; path = ASIProgressDelegate.h; sourceTree = "<group>"; };
		1347DE87187ACD6700BFAFA2 /* README-GHUnit */ = {isa = PBXFileReference; fileEncoding = 4; lastKnownFileType = text; path = "README-GHUnit"; sourceTree = "<group>"; };
		1347DE89187ACD6700BFAFA2 /* PKReachability.h */ = {isa = PBXFileReference; fileEncoding = 4; lastKnownFileType = sourcecode.c.h; path = PKReachability.h; sourceTree = "<group>"; };
		1347DE8A187ACD6700BFAFA2 /* PKReachability.m */ = {isa = PBXFileReference; fileEncoding = 4; lastKnownFileType = sourcecode.c.objc; path = PKReachability.m; sourceTree = "<group>"; };
		135BD5CA18444034003D57C3 /* GradeView.h */ = {isa = PBXFileReference; fileEncoding = 4; lastKnownFileType = sourcecode.c.h; path = GradeView.h; sourceTree = "<group>"; };
		135BD5CB18444034003D57C3 /* GradeView.m */ = {isa = PBXFileReference; fileEncoding = 4; lastKnownFileType = sourcecode.c.objc; path = GradeView.m; sourceTree = "<group>"; };
		135BD5D01844719E003D57C3 /* GradeView.xib */ = {isa = PBXFileReference; fileEncoding = 4; lastKnownFileType = file.xib; path = GradeView.xib; sourceTree = "<group>"; };
		135BD5DB18449C6E003D57C3 /* ViewController.h */ = {isa = PBXFileReference; fileEncoding = 4; lastKnownFileType = sourcecode.c.h; path = ViewController.h; sourceTree = "<group>"; };
		135BD5DC18449C6E003D57C3 /* ViewController.m */ = {isa = PBXFileReference; fileEncoding = 4; lastKnownFileType = sourcecode.c.objc; path = ViewController.m; sourceTree = "<group>"; };
		135BD6081844B872003D57C3 /* CFNetwork.framework */ = {isa = PBXFileReference; lastKnownFileType = wrapper.framework; name = CFNetwork.framework; path = System/Library/Frameworks/CFNetwork.framework; sourceTree = SDKROOT; };
		135BD60A1844B87F003D57C3 /* SystemConfiguration.framework */ = {isa = PBXFileReference; lastKnownFileType = wrapper.framework; name = SystemConfiguration.framework; path = System/Library/Frameworks/SystemConfiguration.framework; sourceTree = SDKROOT; };
		135BD60C1844B889003D57C3 /* MobileCoreServices.framework */ = {isa = PBXFileReference; lastKnownFileType = wrapper.framework; name = MobileCoreServices.framework; path = System/Library/Frameworks/MobileCoreServices.framework; sourceTree = SDKROOT; };
		135BD60E1844B898003D57C3 /* libz.1.2.5.dylib */ = {isa = PBXFileReference; lastKnownFileType = "compiled.mach-o.dylib"; name = libz.1.2.5.dylib; path = usr/lib/libz.1.2.5.dylib; sourceTree = SDKROOT; };
		135F3387183DA5AE0045ADFB /* GradeInfo.plist */ = {isa = PBXFileReference; fileEncoding = 4; lastKnownFileType = text.plist.xml; name = GradeInfo.plist; path = ../GradeInfo.plist; sourceTree = "<group>"; };
		136EDC741875881200305A3B /* Thank_image.jpg */ = {isa = PBXFileReference; lastKnownFileType = image.jpeg; name = Thank_image.jpg; path = Grade/Thank_image.jpg; sourceTree = "<group>"; };
		137FE697187F88C500DD44B2 /* Grade_100.png */ = {isa = PBXFileReference; lastKnownFileType = image.png; path = Grade_100.png; sourceTree = "<group>"; };
		137FE698187F88C500DD44B2 /* Grade_144.png */ = {isa = PBXFileReference; lastKnownFileType = image.png; path = Grade_144.png; sourceTree = "<group>"; };
		137FE699187F88C500DD44B2 /* Grade_72.png */ = {isa = PBXFileReference; lastKnownFileType = image.png; path = Grade_72.png; sourceTree = "<group>"; };
		137FE69A187F88C500DD44B2 /* Grade_50.png */ = {isa = PBXFileReference; lastKnownFileType = image.png; path = Grade_50.png; sourceTree = "<group>"; };
		1392E7CD187C4700000CC840 /* logo pic.png */ = {isa = PBXFileReference; lastKnownFileType = image.png; path = "logo pic.png"; sourceTree = "<group>"; };
		13A4EC00187E2E2F009377D2 /* AMDraggableBlurView.h */ = {isa = PBXFileReference; fileEncoding = 4; lastKnownFileType = sourcecode.c.h; path = AMDraggableBlurView.h; sourceTree = "<group>"; };
		13A4EC01187E2E2F009377D2 /* AMDraggableBlurView.m */ = {isa = PBXFileReference; fileEncoding = 4; lastKnownFileType = sourcecode.c.objc; path = AMDraggableBlurView.m; sourceTree = "<group>"; };
		13A4EC04187E32EB009377D2 /* JVFloatLabeledTextField.h */ = {isa = PBXFileReference; fileEncoding = 4; lastKnownFileType = sourcecode.c.h; path = JVFloatLabeledTextField.h; sourceTree = "<group>"; };
		13A4EC05187E32EB009377D2 /* JVFloatLabeledTextField.m */ = {isa = PBXFileReference; fileEncoding = 4; lastKnownFileType = sourcecode.c.objc; path = JVFloatLabeledTextField.m; sourceTree = "<group>"; };
		13A4EC0D187E45C2009377D2 /* CLProgressHUD.h */ = {isa = PBXFileReference; fileEncoding = 4; lastKnownFileType = sourcecode.c.h; path = CLProgressHUD.h; sourceTree = "<group>"; };
		13A4EC0E187E45C2009377D2 /* CLProgressHUD.m */ = {isa = PBXFileReference; fileEncoding = 4; lastKnownFileType = sourcecode.c.objc; path = CLProgressHUD.m; sourceTree = "<group>"; };
		13A4EC23187E9BC1009377D2 /* pic_back.png */ = {isa = PBXFileReference; lastKnownFileType = image.png; path = pic_back.png; sourceTree = "<group>"; };
		13A4EC2B187EA0E5009377D2 /* 1024*768.png */ = {isa = PBXFileReference; lastKnownFileType = image.png; path = "1024*768.png"; sourceTree = "<group>"; };
		13A67443187A3D4E00E272C9 /* GrTopicView.h */ = {isa = PBXFileReference; fileEncoding = 4; lastKnownFileType = sourcecode.c.h; path = GrTopicView.h; sourceTree = "<group>"; };
		13A67444187A3D4E00E272C9 /* GrTopicView.m */ = {isa = PBXFileReference; fileEncoding = 4; lastKnownFileType = sourcecode.c.objc; path = GrTopicView.m; sourceTree = "<group>"; };
		13A67446187A3DFD00E272C9 /* GrTopicView.xib */ = {isa = PBXFileReference; fileEncoding = 4; lastKnownFileType = file.xib; path = GrTopicView.xib; sourceTree = "<group>"; };
		13A6744F187A8CF700E272C9 /* GrTopicViewDelegate.h */ = {isa = PBXFileReference; lastKnownFileType = sourcecode.c.h; path = GrTopicViewDelegate.h; sourceTree = "<group>"; };
		13A6CE59187BE737001C7CF8 /* TopicViewCell.h */ = {isa = PBXFileReference; fileEncoding = 4; lastKnownFileType = sourcecode.c.h; path = TopicViewCell.h; sourceTree = "<group>"; };
		13A6CE5A187BE737001C7CF8 /* TopicViewCell.m */ = {isa = PBXFileReference; fileEncoding = 4; lastKnownFileType = sourcecode.c.objc; path = TopicViewCell.m; sourceTree = "<group>"; };
		13A6CE5C187BE74A001C7CF8 /* TopicViewCell.xib */ = {isa = PBXFileReference; fileEncoding = 4; lastKnownFileType = file.xib; path = TopicViewCell.xib; sourceTree = "<group>"; };
		13A6CE5F187BEF26001C7CF8 /* Grade_152.png */ = {isa = PBXFileReference; lastKnownFileType = image.png; path = Grade_152.png; sourceTree = "<group>"; };
		13A6CE60187BEF26001C7CF8 /* Grade_29.png */ = {isa = PBXFileReference; lastKnownFileType = image.png; path = Grade_29.png; sourceTree = "<group>"; };
		13A6CE61187BEF26001C7CF8 /* Grade_40.png */ = {isa = PBXFileReference; lastKnownFileType = image.png; path = Grade_40.png; sourceTree = "<group>"; };
		13A6CE62187BEF26001C7CF8 /* Grade_58.png */ = {isa = PBXFileReference; lastKnownFileType = image.png; path = Grade_58.png; sourceTree = "<group>"; };
		13A6CE63187BEF26001C7CF8 /* Grade_76.png */ = {isa = PBXFileReference; lastKnownFileType = image.png; path = Grade_76.png; sourceTree = "<group>"; };
		13A6CE64187BEF26001C7CF8 /* Grade_80.png */ = {isa = PBXFileReference; lastKnownFileType = image.png; path = Grade_80.png; sourceTree = "<group>"; };
		13A6CEB6187BF85F001C7CF8 /* 2048*1536.png */ = {isa = PBXFileReference; lastKnownFileType = image.png; path = "2048*1536.png"; sourceTree = "<group>"; };
		13A6E85518758E4D0023855E /* ViewController.xib */ = {isa = PBXFileReference; fileEncoding = 4; lastKnownFileType = file.xib; name = ViewController.xib; path = ../ViewController.xib; sourceTree = "<group>"; };
		13CBD9C818437E0A0051051A /* CoreData.framework */ = {isa = PBXFileReference; lastKnownFileType = wrapper.framework; name = CoreData.framework; path = System/Library/Frameworks/CoreData.framework; sourceTree = SDKROOT; };
		13CBD9CA18437E150051051A /* QuartzCore.framework */ = {isa = PBXFileReference; lastKnownFileType = wrapper.framework; name = QuartzCore.framework; path = System/Library/Frameworks/QuartzCore.framework; sourceTree = SDKROOT; };
/* End PBXFileReference section */

/* Begin PBXFrameworksBuildPhase section */
		1337D7771839A0AD003BF9C7 /* Frameworks */ = {
			isa = PBXFrameworksBuildPhase;
			buildActionMask = 2147483647;
			files = (
				1347DE4A187ACCCE00BFAFA2 /* libxml2.2.dylib in Frameworks */,
				135BD60F1844B899003D57C3 /* libz.1.2.5.dylib in Frameworks */,
				135BD60D1844B889003D57C3 /* MobileCoreServices.framework in Frameworks */,
				135BD60B1844B87F003D57C3 /* SystemConfiguration.framework in Frameworks */,
				135BD6091844B872003D57C3 /* CFNetwork.framework in Frameworks */,
				13CBD9CB18437E150051051A /* QuartzCore.framework in Frameworks */,
				13CBD9C918437E0A0051051A /* CoreData.framework in Frameworks */,
				1337D7801839A0AD003BF9C7 /* CoreGraphics.framework in Frameworks */,
				1337D7821839A0AD003BF9C7 /* UIKit.framework in Frameworks */,
				1337D77E1839A0AD003BF9C7 /* Foundation.framework in Frameworks */,
			);
			runOnlyForDeploymentPostprocessing = 0;
		};
		1337D7981839A0AD003BF9C7 /* Frameworks */ = {
			isa = PBXFrameworksBuildPhase;
			buildActionMask = 2147483647;
			files = (
				1337D79D1839A0AD003BF9C7 /* XCTest.framework in Frameworks */,
				1337D79F1839A0AD003BF9C7 /* UIKit.framework in Frameworks */,
				1337D79E1839A0AD003BF9C7 /* Foundation.framework in Frameworks */,
			);
			runOnlyForDeploymentPostprocessing = 0;
		};
/* End PBXFrameworksBuildPhase section */

/* Begin PBXGroup section */
		1337D7711839A0AD003BF9C7 = {
			isa = PBXGroup;
			children = (
				13A6E8571875910D0023855E /* Image */,
				13A67448187A4FD800E272C9 /* Classes */,
				1337D7831839A0AD003BF9C7 /* Grade */,
				1337D7A21839A0AD003BF9C7 /* GradeTests */,
				1337D77C1839A0AD003BF9C7 /* Frameworks */,
				1337D77B1839A0AD003BF9C7 /* Products */,
			);
			sourceTree = "<group>";
		};
		1337D77B1839A0AD003BF9C7 /* Products */ = {
			isa = PBXGroup;
			children = (
				1337D77A1839A0AD003BF9C7 /* Grade.app */,
				1337D79B1839A0AD003BF9C7 /* GradeTests.xctest */,
			);
			name = Products;
			sourceTree = "<group>";
		};
		1337D77C1839A0AD003BF9C7 /* Frameworks */ = {
			isa = PBXGroup;
			children = (
				1347DE49187ACCCE00BFAFA2 /* libxml2.2.dylib */,
				135BD60E1844B898003D57C3 /* libz.1.2.5.dylib */,
				135BD60C1844B889003D57C3 /* MobileCoreServices.framework */,
				135BD60A1844B87F003D57C3 /* SystemConfiguration.framework */,
				135BD6081844B872003D57C3 /* CFNetwork.framework */,
				13CBD9CA18437E150051051A /* QuartzCore.framework */,
				13CBD9C818437E0A0051051A /* CoreData.framework */,
				1337D77D1839A0AD003BF9C7 /* Foundation.framework */,
				1337D77F1839A0AD003BF9C7 /* CoreGraphics.framework */,
				1337D7811839A0AD003BF9C7 /* UIKit.framework */,
				1337D79C1839A0AD003BF9C7 /* XCTest.framework */,
			);
			name = Frameworks;
			sourceTree = "<group>";
		};
		1337D7831839A0AD003BF9C7 /* Grade */ = {
			isa = PBXGroup;
			children = (
				1337D7B51839ACB7003BF9C7 /* iPad */,
				1337D78C1839A0AD003BF9C7 /* AppDelegate.h */,
				1337D78D1839A0AD003BF9C7 /* AppDelegate.m */,
				135BD5DB18449C6E003D57C3 /* ViewController.h */,
				135BD5DC18449C6E003D57C3 /* ViewController.m */,
				13A6E85518758E4D0023855E /* ViewController.xib */,
				1337D7B61839BEFC003BF9C7 /* GrButton.h */,
				1337D7B71839BEFC003BF9C7 /* GrButton.m */,
				13A67443187A3D4E00E272C9 /* GrTopicView.h */,
				13A67444187A3D4E00E272C9 /* GrTopicView.m */,
				13A6CE59187BE737001C7CF8 /* TopicViewCell.h */,
				13A6CE5A187BE737001C7CF8 /* TopicViewCell.m */,
				13A6CE5C187BE74A001C7CF8 /* TopicViewCell.xib */,
				13A6744F187A8CF700E272C9 /* GrTopicViewDelegate.h */,
				13A67446187A3DFD00E272C9 /* GrTopicView.xib */,
				135BD5CA18444034003D57C3 /* GradeView.h */,
				135BD5CB18444034003D57C3 /* GradeView.m */,
				135BD5D01844719E003D57C3 /* GradeView.xib */,
				1337D7951839A0AD003BF9C7 /* Images.xcassets */,
				1337D7841839A0AD003BF9C7 /* Supporting Files */,
			);
			path = Grade;
			sourceTree = "<group>";
		};
		1337D7841839A0AD003BF9C7 /* Supporting Files */ = {
			isa = PBXGroup;
			children = (
				1337D7851839A0AD003BF9C7 /* Grade-Info.plist */,
				1337D7861839A0AD003BF9C7 /* InfoPlist.strings */,
				1337D7891839A0AD003BF9C7 /* main.m */,
				1337D78B1839A0AD003BF9C7 /* Grade-Prefix.pch */,
			);
			name = "Supporting Files";
			sourceTree = "<group>";
		};
		1337D7A21839A0AD003BF9C7 /* GradeTests */ = {
			isa = PBXGroup;
			children = (
				1337D7A81839A0AD003BF9C7 /* GradeTests.m */,
				1337D7A31839A0AD003BF9C7 /* Supporting Files */,
			);
			path = GradeTests;
			sourceTree = "<group>";
		};
		1337D7A31839A0AD003BF9C7 /* Supporting Files */ = {
			isa = PBXGroup;
			children = (
				1337D7A41839A0AD003BF9C7 /* GradeTests-Info.plist */,
				1337D7A51839A0AD003BF9C7 /* InfoPlist.strings */,
				135F3387183DA5AE0045ADFB /* GradeInfo.plist */,
			);
			name = "Supporting Files";
			sourceTree = "<group>";
		};
		1337D7B51839ACB7003BF9C7 /* iPad */ = {
			isa = PBXGroup;
			children = (
			);
			name = iPad;
			sourceTree = "<group>";
		};
		1347DE70187ACD6700BFAFA2 /* ASIHttpLib */ = {
			isa = PBXGroup;
			children = (
				1347DE71187ACD6700BFAFA2 /* ASIAuthenticationDialog.h */,
				1347DE72187ACD6700BFAFA2 /* ASIAuthenticationDialog.m */,
				1347DE73187ACD6700BFAFA2 /* ASICacheDelegate.h */,
				1347DE74187ACD6700BFAFA2 /* ASIDataCompressor.h */,
				1347DE75187ACD6700BFAFA2 /* ASIDataCompressor.m */,
				1347DE76187ACD6700BFAFA2 /* ASIDataDecompressor.h */,
				1347DE77187ACD6700BFAFA2 /* ASIDataDecompressor.m */,
				1347DE78187ACD6700BFAFA2 /* ASIDownloadCache.h */,
				1347DE79187ACD6700BFAFA2 /* ASIDownloadCache.m */,
				1347DE7A187ACD6700BFAFA2 /* ASIFormDataRequest.h */,
				1347DE7B187ACD6700BFAFA2 /* ASIFormDataRequest.m */,
				1347DE7C187ACD6700BFAFA2 /* ASIHTTPRequest.h */,
				1347DE7D187ACD6700BFAFA2 /* ASIHTTPRequest.m */,
				1347DE7E187ACD6700BFAFA2 /* ASIHTTPRequestConfig.h */,
				1347DE7F187ACD6700BFAFA2 /* ASIHTTPRequestDelegate.h */,
				1347DE80187ACD6700BFAFA2 /* ASIInputStream.h */,
				1347DE81187ACD6700BFAFA2 /* ASIInputStream.m */,
				1347DE82187ACD6700BFAFA2 /* ASINetworkQueue.h */,
				1347DE83187ACD6700BFAFA2 /* ASINetworkQueue.m */,
				1347DE84187ACD6700BFAFA2 /* ASIProgressDelegate.h */,
				1347DE85187ACD6700BFAFA2 /* External */,
			);
			path = ASIHttpLib;
			sourceTree = "<group>";
		};
		1347DE85187ACD6700BFAFA2 /* External */ = {
			isa = PBXGroup;
			children = (
				1347DE86187ACD6700BFAFA2 /* GHUnit */,
				1347DE88187ACD6700BFAFA2 /* Reachability */,
			);
			path = External;
			sourceTree = "<group>";
		};
		1347DE86187ACD6700BFAFA2 /* GHUnit */ = {
			isa = PBXGroup;
			children = (
				1347DE87187ACD6700BFAFA2 /* README-GHUnit */,
			);
			path = GHUnit;
			sourceTree = "<group>";
		};
		1347DE88187ACD6700BFAFA2 /* Reachability */ = {
			isa = PBXGroup;
			children = (
				1347DE89187ACD6700BFAFA2 /* PKReachability.h */,
				1347DE8A187ACD6700BFAFA2 /* PKReachability.m */,
			);
			path = Reachability;
			sourceTree = "<group>";
		};
		13A4EBFF187E2E2F009377D2 /* AMDraggableBlurView */ = {
			isa = PBXGroup;
			children = (
				13A4EC00187E2E2F009377D2 /* AMDraggableBlurView.h */,
				13A4EC01187E2E2F009377D2 /* AMDraggableBlurView.m */,
			);
			path = AMDraggableBlurView;
			sourceTree = "<group>";
		};
		13A4EC03187E32EB009377D2 /* JVFloatLabeledTextField */ = {
			isa = PBXGroup;
			children = (
				13A4EC04187E32EB009377D2 /* JVFloatLabeledTextField.h */,
				13A4EC05187E32EB009377D2 /* JVFloatLabeledTextField.m */,
			);
			path = JVFloatLabeledTextField;
			sourceTree = "<group>";
		};
		13A4EC0C187E45C2009377D2 /* CLProgressHUD */ = {
			isa = PBXGroup;
			children = (
				13A4EC0D187E45C2009377D2 /* CLProgressHUD.h */,
				13A4EC0E187E45C2009377D2 /* CLProgressHUD.m */,
			);
			path = CLProgressHUD;
			sourceTree = "<group>";
		};
		13A67448187A4FD800E272C9 /* Classes */ = {
			isa = PBXGroup;
			children = (
				13A4EC0C187E45C2009377D2 /* CLProgressHUD */,
				13A4EC03187E32EB009377D2 /* JVFloatLabeledTextField */,
				13A4EBFF187E2E2F009377D2 /* AMDraggableBlurView */,
				1347DE70187ACD6700BFAFA2 /* ASIHttpLib */,
			);
			path = Classes;
			sourceTree = "<group>";
		};
		13A6CE5E187BEF26001C7CF8 /* icon_grade */ = {
			isa = PBXGroup;
			children = (
				137FE697187F88C500DD44B2 /* Grade_100.png */,
				137FE698187F88C500DD44B2 /* Grade_144.png */,
				137FE699187F88C500DD44B2 /* Grade_72.png */,
				137FE69A187F88C500DD44B2 /* Grade_50.png */,
				13A6CE5F187BEF26001C7CF8 /* Grade_152.png */,
				13A6CE60187BEF26001C7CF8 /* Grade_29.png */,
				13A6CE61187BEF26001C7CF8 /* Grade_40.png */,
				13A6CE62187BEF26001C7CF8 /* Grade_58.png */,
				13A6CE63187BEF26001C7CF8 /* Grade_76.png */,
				13A6CE64187BEF26001C7CF8 /* Grade_80.png */,
			);
			path = icon_grade;
			sourceTree = "<group>";
		};
		13A6E8571875910D0023855E /* Image */ = {
			isa = PBXGroup;
			children = (
				1392E7CD187C4700000CC840 /* logo pic.png */,
				13A4EC23187E9BC1009377D2 /* pic_back.png */,
				13A6CEB6187BF85F001C7CF8 /* 2048*1536.png */,
				13A4EC2B187EA0E5009377D2 /* 1024*768.png */,
				1326F4A218811D9A008C90CB /* dibiao.png */,
				13A6CE5E187BEF26001C7CF8 /* icon_grade */,
				1347DDB9187AC84600BFAFA2 /* 满意.png */,
				1347DDBB187AC84A00BFAFA2 /* 不满意.png */,
				136EDC741875881200305A3B /* Thank_image.jpg */,
				1347DDBD187AC98C00BFAFA2 /* title_1.png */,
				1347DDBE187AC98C00BFAFA2 /* title_1B.png */,
				1347DDBF187AC98C00BFAFA2 /* title_2.png */,
				1347DDC0187AC98C00BFAFA2 /* title_2B.png */,
				1347DDC1187AC98C00BFAFA2 /* title_4.png */,
				1347DDC2187AC98C00BFAFA2 /* title_4B.png */,
				1347DDC3187AC98C00BFAFA2 /* title_5.png */,
				1347DDC4187AC98C00BFAFA2 /* title_5B.png */,
				1347DDCD187AC99200BFAFA2 /* title_3.png */,
				1347DDCE187AC99200BFAFA2 /* title_3B.png */,
			);
			name = Image;
			sourceTree = "<group>";
		};
/* End PBXGroup section */

/* Begin PBXNativeTarget section */
		1337D7791839A0AD003BF9C7 /* Grade */ = {
			isa = PBXNativeTarget;
			buildConfigurationList = 1337D7AC1839A0AD003BF9C7 /* Build configuration list for PBXNativeTarget "Grade" */;
			buildPhases = (
				1337D7761839A0AD003BF9C7 /* Sources */,
				1337D7771839A0AD003BF9C7 /* Frameworks */,
				1337D7781839A0AD003BF9C7 /* Resources */,
			);
			buildRules = (
			);
			dependencies = (
			);
			name = Grade;
			productName = Grade;
			productReference = 1337D77A1839A0AD003BF9C7 /* Grade.app */;
			productType = "com.apple.product-type.application";
		};
		1337D79A1839A0AD003BF9C7 /* GradeTests */ = {
			isa = PBXNativeTarget;
			buildConfigurationList = 1337D7AF1839A0AD003BF9C7 /* Build configuration list for PBXNativeTarget "GradeTests" */;
			buildPhases = (
				1337D7971839A0AD003BF9C7 /* Sources */,
				1337D7981839A0AD003BF9C7 /* Frameworks */,
				1337D7991839A0AD003BF9C7 /* Resources */,
			);
			buildRules = (
			);
			dependencies = (
				1337D7A11839A0AD003BF9C7 /* PBXTargetDependency */,
			);
			name = GradeTests;
			productName = GradeTests;
			productReference = 1337D79B1839A0AD003BF9C7 /* GradeTests.xctest */;
			productType = "com.apple.product-type.bundle.unit-test";
		};
/* End PBXNativeTarget section */

/* Begin PBXProject section */
		1337D7721839A0AD003BF9C7 /* Project object */ = {
			isa = PBXProject;
			attributes = {
				LastUpgradeCheck = 0500;
				ORGANIZATIONNAME = yzk;
				TargetAttributes = {
					1337D79A1839A0AD003BF9C7 = {
						TestTargetID = 1337D7791839A0AD003BF9C7;
					};
				};
			};
			buildConfigurationList = 1337D7751839A0AD003BF9C7 /* Build configuration list for PBXProject "Grade" */;
			compatibilityVersion = "Xcode 3.2";
			developmentRegion = English;
			hasScannedForEncodings = 0;
			knownRegions = (
				en,
				Base,
			);
			mainGroup = 1337D7711839A0AD003BF9C7;
			productRefGroup = 1337D77B1839A0AD003BF9C7 /* Products */;
			projectDirPath = "";
			projectRoot = "";
			targets = (
				1337D7791839A0AD003BF9C7 /* Grade */,
				1337D79A1839A0AD003BF9C7 /* GradeTests */,
			);
		};
/* End PBXProject section */

/* Begin PBXResourcesBuildPhase section */
		1337D7781839A0AD003BF9C7 /* Resources */ = {
			isa = PBXResourcesBuildPhase;
			buildActionMask = 2147483647;
			files = (
				13A4EC2D187EA2C8009377D2 /* GrTopicView.xib in Resources */,
				13A6E85618758E4D0023855E /* ViewController.xib in Resources */,
				137FE69D187F88C500DD44B2 /* Grade_72.png in Resources */,
				13A6CE69187BEF26001C7CF8 /* Grade_76.png in Resources */,
				1347DDC7187AC98C00BFAFA2 /* title_2.png in Resources */,
				1337D7961839A0AD003BF9C7 /* Images.xcassets in Resources */,
				1347DDC8187AC98C00BFAFA2 /* title_2B.png in Resources */,
				1347DDBA187AC84600BFAFA2 /* 满意.png in Resources */,
				13A6CE5D187BE74A001C7CF8 /* TopicViewCell.xib in Resources */,
				13A4EC24187E9BC1009377D2 /* pic_back.png in Resources */,
				137FE69C187F88C500DD44B2 /* Grade_144.png in Resources */,
				13A6CEB7187BF85F001C7CF8 /* 2048*1536.png in Resources */,
				1347DDCA187AC98C00BFAFA2 /* title_4B.png in Resources */,
				135BD5D11844719E003D57C3 /* GradeView.xib in Resources */,
				137FE69E187F88C500DD44B2 /* Grade_50.png in Resources */,
				13A6CE67187BEF26001C7CF8 /* Grade_40.png in Resources */,
				1347DE93187ACD6700BFAFA2 /* README-GHUnit in Resources */,
				1347DDBC187AC84A00BFAFA2 /* 不满意.png in Resources */,
				13A6CE68187BEF26001C7CF8 /* Grade_58.png in Resources */,
				1347DDD0187AC99200BFAFA2 /* title_3B.png in Resources */,
				1347DDC9187AC98C00BFAFA2 /* title_4.png in Resources */,
				1326F4A318811D9A008C90CB /* dibiao.png in Resources */,
				13A4EC2C187EA0E5009377D2 /* 1024*768.png in Resources */,
				137FE69B187F88C500DD44B2 /* Grade_100.png in Resources */,
				1347DDCF187AC99200BFAFA2 /* title_3.png in Resources */,
				13A6CE6A187BEF26001C7CF8 /* Grade_80.png in Resources */,
				1347DDC5187AC98C00BFAFA2 /* title_1.png in Resources */,
				1347DDCB187AC98C00BFAFA2 /* title_5.png in Resources */,
				136EDC751875881200305A3B /* Thank_image.jpg in Resources */,
				1337D7881839A0AD003BF9C7 /* InfoPlist.strings in Resources */,
				13A6CE65187BEF26001C7CF8 /* Grade_152.png in Resources */,
				1392E7CE187C4700000CC840 /* logo pic.png in Resources */,
				13A6CE66187BEF26001C7CF8 /* Grade_29.png in Resources */,
				135F3388183DA5AE0045ADFB /* GradeInfo.plist in Resources */,
				1347DDC6187AC98C00BFAFA2 /* title_1B.png in Resources */,
				1347DDCC187AC98C00BFAFA2 /* title_5B.png in Resources */,
			);
			runOnlyForDeploymentPostprocessing = 0;
		};
		1337D7991839A0AD003BF9C7 /* Resources */ = {
			isa = PBXResourcesBuildPhase;
			buildActionMask = 2147483647;
			files = (
				1337D7A71839A0AD003BF9C7 /* InfoPlist.strings in Resources */,
			);
			runOnlyForDeploymentPostprocessing = 0;
		};
/* End PBXResourcesBuildPhase section */

/* Begin PBXSourcesBuildPhase section */
		1337D7761839A0AD003BF9C7 /* Sources */ = {
			isa = PBXSourcesBuildPhase;
			buildActionMask = 2147483647;
			files = (
				1347DE8C187ACD6700BFAFA2 /* ASIDataCompressor.m in Sources */,
				135BD5DD18449C6E003D57C3 /* ViewController.m in Sources */,
				13A6CE5B187BE737001C7CF8 /* TopicViewCell.m in Sources */,
				1347DE94187ACD6700BFAFA2 /* PKReachability.m in Sources */,
				1347DE8F187ACD6700BFAFA2 /* ASIFormDataRequest.m in Sources */,
				13A4EC0F187E45C2009377D2 /* CLProgressHUD.m in Sources */,
				1347DE8E187ACD6700BFAFA2 /* ASIDownloadCache.m in Sources */,
				13A67445187A3D4E00E272C9 /* GrTopicView.m in Sources */,
				1337D7B81839BEFC003BF9C7 /* GrButton.m in Sources */,
				13A4EC06187E32EB009377D2 /* JVFloatLabeledTextField.m in Sources */,
				1347DE8B187ACD6700BFAFA2 /* ASIAuthenticationDialog.m in Sources */,
				1347DE92187ACD6700BFAFA2 /* ASINetworkQueue.m in Sources */,
				135BD5CC18444034003D57C3 /* GradeView.m in Sources */,
				1337D78E1839A0AD003BF9C7 /* AppDelegate.m in Sources */,
				13A4EC02187E2E2F009377D2 /* AMDraggableBlurView.m in Sources */,
				1347DE8D187ACD6700BFAFA2 /* ASIDataDecompressor.m in Sources */,
				1347DE91187ACD6700BFAFA2 /* ASIInputStream.m in Sources */,
				1347DE90187ACD6700BFAFA2 /* ASIHTTPRequest.m in Sources */,
				1337D78A1839A0AD003BF9C7 /* main.m in Sources */,
			);
			runOnlyForDeploymentPostprocessing = 0;
		};
		1337D7971839A0AD003BF9C7 /* Sources */ = {
			isa = PBXSourcesBuildPhase;
			buildActionMask = 2147483647;
			files = (
				1337D7A91839A0AD003BF9C7 /* GradeTests.m in Sources */,
			);
			runOnlyForDeploymentPostprocessing = 0;
		};
/* End PBXSourcesBuildPhase section */

/* Begin PBXTargetDependency section */
		1337D7A11839A0AD003BF9C7 /* PBXTargetDependency */ = {
			isa = PBXTargetDependency;
			target = 1337D7791839A0AD003BF9C7 /* Grade */;
			targetProxy = 1337D7A01839A0AD003BF9C7 /* PBXContainerItemProxy */;
		};
/* End PBXTargetDependency section */

/* Begin PBXVariantGroup section */
		1337D7861839A0AD003BF9C7 /* InfoPlist.strings */ = {
			isa = PBXVariantGroup;
			children = (
				1337D7871839A0AD003BF9C7 /* en */,
			);
			name = InfoPlist.strings;
			sourceTree = "<group>";
		};
		1337D7A51839A0AD003BF9C7 /* InfoPlist.strings */ = {
			isa = PBXVariantGroup;
			children = (
				1337D7A61839A0AD003BF9C7 /* en */,
			);
			name = InfoPlist.strings;
			sourceTree = "<group>";
		};
/* End PBXVariantGroup section */

/* Begin XCBuildConfiguration section */
		1337D7AA1839A0AD003BF9C7 /* Debug */ = {
			isa = XCBuildConfiguration;
			buildSettings = {
				ALWAYS_SEARCH_USER_PATHS = NO;
				ARCHS = "$(ARCHS_STANDARD_INCLUDING_64_BIT)";
				CLANG_CXX_LANGUAGE_STANDARD = "gnu++0x";
				CLANG_CXX_LIBRARY = "libc++";
				CLANG_ENABLE_MODULES = YES;
				CLANG_ENABLE_OBJC_ARC = YES;
				CLANG_WARN_BOOL_CONVERSION = YES;
				CLANG_WARN_CONSTANT_CONVERSION = YES;
				CLANG_WARN_DIRECT_OBJC_ISA_USAGE = YES_ERROR;
				CLANG_WARN_EMPTY_BODY = YES;
				CLANG_WARN_ENUM_CONVERSION = YES;
				CLANG_WARN_INT_CONVERSION = YES;
				CLANG_WARN_OBJC_ROOT_CLASS = YES_ERROR;
				CLANG_WARN__DUPLICATE_METHOD_MATCH = YES;
				CODE_SIGN_IDENTITY = "iPhone Developer";
				"CODE_SIGN_IDENTITY[sdk=iphoneos*]" = "iPhone Developer";
				COPY_PHASE_STRIP = NO;
				ENABLE_NS_ASSERTIONS = YES;
				GCC_C_LANGUAGE_STANDARD = gnu99;
				GCC_DYNAMIC_NO_PIC = NO;
				GCC_OPTIMIZATION_LEVEL = 0;
				GCC_PREPROCESSOR_DEFINITIONS = (
					"DEBUG=1",
					"$(inherited)",
				);
				GCC_SYMBOLS_PRIVATE_EXTERN = NO;
				GCC_WARN_64_TO_32_BIT_CONVERSION = YES;
				GCC_WARN_ABOUT_RETURN_TYPE = YES_ERROR;
				GCC_WARN_UNDECLARED_SELECTOR = YES;
				GCC_WARN_UNINITIALIZED_AUTOS = YES;
				GCC_WARN_UNUSED_FUNCTION = YES;
				GCC_WARN_UNUSED_VARIABLE = YES;
				IPHONEOS_DEPLOYMENT_TARGET = 6.1;
				ONLY_ACTIVE_ARCH = YES;
				SDKROOT = iphoneos;
				TARGETED_DEVICE_FAMILY = 2;
			};
			name = Debug;
		};
		1337D7AB1839A0AD003BF9C7 /* Release */ = {
			isa = XCBuildConfiguration;
			buildSettings = {
				ALWAYS_SEARCH_USER_PATHS = NO;
				ARCHS = "$(ARCHS_STANDARD_INCLUDING_64_BIT)";
				CLANG_CXX_LANGUAGE_STANDARD = "gnu++0x";
				CLANG_CXX_LIBRARY = "libc++";
				CLANG_ENABLE_MODULES = YES;
				CLANG_ENABLE_OBJC_ARC = YES;
				CLANG_WARN_BOOL_CONVERSION = YES;
				CLANG_WARN_CONSTANT_CONVERSION = YES;
				CLANG_WARN_DIRECT_OBJC_ISA_USAGE = YES_ERROR;
				CLANG_WARN_EMPTY_BODY = YES;
				CLANG_WARN_ENUM_CONVERSION = YES;
				CLANG_WARN_INT_CONVERSION = YES;
				CLANG_WARN_OBJC_ROOT_CLASS = YES_ERROR;
				CLANG_WARN__DUPLICATE_METHOD_MATCH = YES;
				CODE_SIGN_IDENTITY = "iPhone Developer";
				"CODE_SIGN_IDENTITY[sdk=iphoneos*]" = "iPhone Developer";
				COPY_PHASE_STRIP = YES;
				ENABLE_NS_ASSERTIONS = YES;
				GCC_C_LANGUAGE_STANDARD = gnu99;
				GCC_WARN_64_TO_32_BIT_CONVERSION = YES;
				GCC_WARN_ABOUT_RETURN_TYPE = YES_ERROR;
				GCC_WARN_UNDECLARED_SELECTOR = YES;
				GCC_WARN_UNINITIALIZED_AUTOS = YES;
				GCC_WARN_UNUSED_FUNCTION = YES;
				GCC_WARN_UNUSED_VARIABLE = YES;
				IPHONEOS_DEPLOYMENT_TARGET = 6.1;
				SDKROOT = iphoneos;
				TARGETED_DEVICE_FAMILY = 2;
				VALIDATE_PRODUCT = YES;
			};
			name = Release;
		};
		1337D7AD1839A0AD003BF9C7 /* Debug */ = {
			isa = XCBuildConfiguration;
			buildSettings = {
				ARCHS = "$(ARCHS_STANDARD)";
				CLANG_ENABLE_OBJC_ARC = YES;
				CODE_SIGN_IDENTITY = "iPhone Developer: Zhouliang Liu (SU73NGTMY5)";
				FRAMEWORK_SEARCH_PATHS = (
					"$(inherited)",
					/Users/yzk/Downloads/Sample/StudyiOS,
				);
				GCC_PRECOMPILE_PREFIX_HEADER = YES;
				GCC_PREFIX_HEADER = "Grade/Grade-Prefix.pch";
				INFOPLIST_FILE = "Grade/Grade-Info.plist";
				IPHONEOS_DEPLOYMENT_TARGET = 5.1;
				LIBRARY_SEARCH_PATHS = (
					"$(inherited)",
					/Users/yzk/Desktop/Grade1,
				);
				PRODUCT_NAME = "$(TARGET_NAME)";
				PROVISIONING_PROFILE = "EF3833B3-9F45-449A-8C42-41E636F12748";
				SDKROOT = iphoneos;
				TARGETED_DEVICE_FAMILY = 2;
				WRAPPER_EXTENSION = app;
			};
			name = Debug;
		};
		1337D7AE1839A0AD003BF9C7 /* Release */ = {
			isa = XCBuildConfiguration;
			buildSettings = {
				ARCHS = "$(ARCHS_STANDARD)";
				CLANG_ENABLE_OBJC_ARC = YES;
				CODE_SIGN_IDENTITY = "iPhone Developer: Zhouliang Liu (SU73NGTMY5)";
				FRAMEWORK_SEARCH_PATHS = (
					"$(inherited)",
					/Users/yzk/Downloads/Sample/StudyiOS,
				);
				GCC_PRECOMPILE_PREFIX_HEADER = YES;
				GCC_PREFIX_HEADER = "Grade/Grade-Prefix.pch";
				INFOPLIST_FILE = "Grade/Grade-Info.plist";
				IPHONEOS_DEPLOYMENT_TARGET = 5.1;
				LIBRARY_SEARCH_PATHS = (
					"$(inherited)",
					/Users/yzk/Desktop/Grade1,
				);
				PRODUCT_NAME = "$(TARGET_NAME)";
				PROVISIONING_PROFILE = "EF3833B3-9F45-449A-8C42-41E636F12748";
				SDKROOT = iphoneos;
				TARGETED_DEVICE_FAMILY = 2;
				WRAPPER_EXTENSION = app;
			};
			name = Release;
		};
		1337D7B01839A0AD003BF9C7 /* Debug */ = {
			isa = XCBuildConfiguration;
			buildSettings = {
				ARCHS = "$(ARCHS_STANDARD_INCLUDING_64_BIT)";
				BUNDLE_LOADER = "$(BUILT_PRODUCTS_DIR)/Grade.app/Grade";
				FRAMEWORK_SEARCH_PATHS = (
					"$(SDKROOT)/Developer/Library/Frameworks",
					"$(inherited)",
					"$(DEVELOPER_FRAMEWORKS_DIR)",
				);
				GCC_PRECOMPILE_PREFIX_HEADER = YES;
				GCC_PREFIX_HEADER = "Grade/Grade-Prefix.pch";
				GCC_PREPROCESSOR_DEFINITIONS = (
					"DEBUG=1",
					"$(inherited)",
				);
				INFOPLIST_FILE = "GradeTests/GradeTests-Info.plist";
				PRODUCT_NAME = "$(TARGET_NAME)";
				TEST_HOST = "$(BUNDLE_LOADER)";
				WRAPPER_EXTENSION = xctest;
			};
			name = Debug;
		};
		1337D7B11839A0AD003BF9C7 /* Release */ = {
			isa = XCBuildConfiguration;
			buildSettings = {
				ARCHS = "$(ARCHS_STANDARD_INCLUDING_64_BIT)";
				BUNDLE_LOADER = "$(BUILT_PRODUCTS_DIR)/Grade.app/Grade";
				FRAMEWORK_SEARCH_PATHS = (
					"$(SDKROOT)/Developer/Library/Frameworks",
					"$(inherited)",
					"$(DEVELOPER_FRAMEWORKS_DIR)",
				);
				GCC_PRECOMPILE_PREFIX_HEADER = YES;
				GCC_PREFIX_HEADER = "Grade/Grade-Prefix.pch";
				INFOPLIST_FILE = "GradeTests/GradeTests-Info.plist";
				PRODUCT_NAME = "$(TARGET_NAME)";
				TEST_HOST = "$(BUNDLE_LOADER)";
				WRAPPER_EXTENSION = xctest;
			};
			name = Release;
		};
/* End XCBuildConfiguration section */

/* Begin XCConfigurationList section */
		1337D7751839A0AD003BF9C7 /* Build configuration list for PBXProject "Grade" */ = {
			isa = XCConfigurationList;
			buildConfigurations = (
				1337D7AA1839A0AD003BF9C7 /* Debug */,
				1337D7AB1839A0AD003BF9C7 /* Release */,
			);
			defaultConfigurationIsVisible = 0;
			defaultConfigurationName = Release;
		};
		1337D7AC1839A0AD003BF9C7 /* Build configuration list for PBXNativeTarget "Grade" */ = {
			isa = XCConfigurationList;
			buildConfigurations = (
				1337D7AD1839A0AD003BF9C7 /* Debug */,
				1337D7AE1839A0AD003BF9C7 /* Release */,
			);
			defaultConfigurationIsVisible = 0;
			defaultConfigurationName = Release;
		};
		1337D7AF1839A0AD003BF9C7 /* Build configuration list for PBXNativeTarget "GradeTests" */ = {
			isa = XCConfigurationList;
			buildConfigurations = (
				1337D7B01839A0AD003BF9C7 /* Debug */,
				1337D7B11839A0AD003BF9C7 /* Release */,
			);
			defaultConfigurationIsVisible = 0;
			defaultConfigurationName = Release;
		};
/* End XCConfigurationList section */
	};
	rootObject = 1337D7721839A0AD003BF9C7 /* Project object */;
}
