// !$*UTF8*$!
{
	archiveVersion = 1;
	classes = {
	};
	objectVersion = 46;
	objects = {

/* Begin PBXBuildFile section */
		1337D77E1839A0AD003BF9C7 /* Foundation.framework in Frameworks */ = {isa = PBXBuildFile; fileRef = 1337D77D1839A0AD003BF9C7 /* Foundation.framework */; };
		1337D7801839A0AD003BF9C7 /* CoreGraphics.framework in Frameworks */ = {isa = PBXBuildFile; fileRef = 1337D77F1839A0AD003BF9C7 /* CoreGraphics.framework */; };
		1337D7821839A0AD003BF9C7 /* UIKit.framework in Frameworks */ = {isa = PBXBuildFile; fileRef = 1337D7811839A0AD003BF9C7 /* UIKit.framework */; };
		1337D7881839A0AD003BF9C7 /* InfoPlist.strings in Resources */ = {isa = PBXBuildFile; fileRef = 1337D7861839A0AD003BF9C7 /* InfoPlist.strings */; };
		1337D78A1839A0AD003BF9C7 /* main.m in Sources */ = {isa = PBXBuildFile; fileRef = 1337D7891839A0AD003BF9C7 /* main.m */; };
		1337D78E1839A0AD003BF9C7 /* AppDelegate.m in Sources */ = {isa = PBXBuildFile; fileRef = 1337D78D1839A0AD003BF9C7 /* AppDelegate.m */; };
		1337D7961839A0AD003BF9C7 /* Images.xcassets in Resources */ = {isa = PBXBuildFile; fileRef = 1337D7951839A0AD003BF9C7 /* Images.xcassets */; };
		1337D79D1839A0AD003BF9C7 /* XCTest.framework in Frameworks */ = {isa = PBXBuildFile; fileRef = 1337D79C1839A0AD003BF9C7 /* XCTest.framework */; };
		1337D79E1839A0AD003BF9C7 /* Foundation.framework in Frameworks */ = {isa = PBXBuildFile; fileRef = 1337D77D1839A0AD003BF9C7 /* Foundation.framework */; };
		1337D79F1839A0AD003BF9C7 /* UIKit.framework in Frameworks */ = {isa = PBXBuildFile; fileRef = 1337D7811839A0AD003BF9C7 /* UIKit.framework */; };
		1337D7A71839A0AD003BF9C7 /* InfoPlist.strings in Resources */ = {isa = PBXBuildFile; fileRef = 1337D7A51839A0AD003BF9C7 /* InfoPlist.strings */; };
		1337D7A91839A0AD003BF9C7 /* GradeTests.m in Sources */ = {isa = PBXBuildFile; fileRef = 1337D7A81839A0AD003BF9C7 /* GradeTests.m */; };
		1337D7B41839A3E0003BF9C7 /* MessageList.m in Sources */ = {isa = PBXBuildFile; fileRef = 1337D7B31839A3E0003BF9C7 /* MessageList.m */; };
		1337D7B81839BEFC003BF9C7 /* GrButton.m in Sources */ = {isa = PBXBuildFile; fileRef = 1337D7B71839BEFC003BF9C7 /* GrButton.m */; };
		135BD5CC18444034003D57C3 /* GradeView.m in Sources */ = {isa = PBXBuildFile; fileRef = 135BD5CB18444034003D57C3 /* GradeView.m */; };
		135BD5D11844719E003D57C3 /* GradeView.xib in Resources */ = {isa = PBXBuildFile; fileRef = 135BD5D01844719E003D57C3 /* GradeView.xib */; };
		135BD5DD18449C6E003D57C3 /* ViewController.m in Sources */ = {isa = PBXBuildFile; fileRef = 135BD5DC18449C6E003D57C3 /* ViewController.m */; };
		135BD6091844B872003D57C3 /* CFNetwork.framework in Frameworks */ = {isa = PBXBuildFile; fileRef = 135BD6081844B872003D57C3 /* CFNetwork.framework */; };
		135BD60B1844B87F003D57C3 /* SystemConfiguration.framework in Frameworks */ = {isa = PBXBuildFile; fileRef = 135BD60A1844B87F003D57C3 /* SystemConfiguration.framework */; };
		135BD60D1844B889003D57C3 /* MobileCoreServices.framework in Frameworks */ = {isa = PBXBuildFile; fileRef = 135BD60C1844B889003D57C3 /* MobileCoreServices.framework */; };
		135BD60F1844B899003D57C3 /* libz.1.2.5.dylib in Frameworks */ = {isa = PBXBuildFile; fileRef = 135BD60E1844B898003D57C3 /* libz.1.2.5.dylib */; };
		135BD62D1844BC8D003D57C3 /* ASIAuthenticationDialog.m in Sources */ = {isa = PBXBuildFile; fileRef = 135BD6141844BC8D003D57C3 /* ASIAuthenticationDialog.m */; };
		135BD62E1844BC8D003D57C3 /* ASIDataCompressor.m in Sources */ = {isa = PBXBuildFile; fileRef = 135BD6171844BC8D003D57C3 /* ASIDataCompressor.m */; };
		135BD62F1844BC8D003D57C3 /* ASIDataDecompressor.m in Sources */ = {isa = PBXBuildFile; fileRef = 135BD6191844BC8D003D57C3 /* ASIDataDecompressor.m */; };
		135BD6301844BC8D003D57C3 /* ASIDownloadCache.m in Sources */ = {isa = PBXBuildFile; fileRef = 135BD61B1844BC8D003D57C3 /* ASIDownloadCache.m */; };
		135BD6311844BC8D003D57C3 /* ASIFormDataRequest.m in Sources */ = {isa = PBXBuildFile; fileRef = 135BD61D1844BC8D003D57C3 /* ASIFormDataRequest.m */; };
		135BD6321844BC8D003D57C3 /* ASIHTTPRequest.m in Sources */ = {isa = PBXBuildFile; fileRef = 135BD61F1844BC8D003D57C3 /* ASIHTTPRequest.m */; };
		135BD6331844BC8D003D57C3 /* ASIInputStream.m in Sources */ = {isa = PBXBuildFile; fileRef = 135BD6231844BC8D003D57C3 /* ASIInputStream.m */; };
		135BD6341844BC8D003D57C3 /* ASINetworkQueue.m in Sources */ = {isa = PBXBuildFile; fileRef = 135BD6251844BC8D003D57C3 /* ASINetworkQueue.m */; };
		135BD6351844BC8D003D57C3 /* README-GHUnit in Resources */ = {isa = PBXBuildFile; fileRef = 135BD6291844BC8D003D57C3 /* README-GHUnit */; };
		135BD6361844BC8D003D57C3 /* PKReachability.m in Sources */ = {isa = PBXBuildFile; fileRef = 135BD62C1844BC8D003D57C3 /* PKReachability.m */; };
		135F3388183DA5AE0045ADFB /* GradeInfo.plist in Resources */ = {isa = PBXBuildFile; fileRef = 135F3387183DA5AE0045ADFB /* GradeInfo.plist */; };
		136B2796183B63480094F29D /* 2.jpg in Resources */ = {isa = PBXBuildFile; fileRef = 136B2793183B63480094F29D /* 2.jpg */; };
		136B2797183B63480094F29D /* 1.jpg in Resources */ = {isa = PBXBuildFile; fileRef = 136B2794183B63480094F29D /* 1.jpg */; };
		136B2798183B63480094F29D /* 0.jpg in Resources */ = {isa = PBXBuildFile; fileRef = 136B2795183B63480094F29D /* 0.jpg */; };
		136EDC751875881200305A3B /* Thank_image.jpg in Resources */ = {isa = PBXBuildFile; fileRef = 136EDC741875881200305A3B /* Thank_image.jpg */; };
		13A6E85618758E4D0023855E /* ViewController.xib in Resources */ = {isa = PBXBuildFile; fileRef = 13A6E85518758E4D0023855E /* ViewController.xib */; };
		13A6E85B1875914F0023855E /* title_2.png in Resources */ = {isa = PBXBuildFile; fileRef = 13A6E85A1875914F0023855E /* title_2.png */; };
		13A6E85D187591520023855E /* title_3.png in Resources */ = {isa = PBXBuildFile; fileRef = 13A6E85C187591520023855E /* title_3.png */; };
		13A6E85F187591580023855E /* title_4.png in Resources */ = {isa = PBXBuildFile; fileRef = 13A6E85E187591580023855E /* title_4.png */; };
		13A6E8611875915B0023855E /* title_5.png in Resources */ = {isa = PBXBuildFile; fileRef = 13A6E8601875915B0023855E /* title_5.png */; };
		13A6E8631875918F0023855E /* logo.png in Resources */ = {isa = PBXBuildFile; fileRef = 13A6E8621875918F0023855E /* logo.png */; };
		13A6E865187594780023855E /* title_1.png in Resources */ = {isa = PBXBuildFile; fileRef = 13A6E864187594780023855E /* title_1.png */; };
		13CBD9C918437E0A0051051A /* CoreData.framework in Frameworks */ = {isa = PBXBuildFile; fileRef = 13CBD9C818437E0A0051051A /* CoreData.framework */; };
		13CBD9CB18437E150051051A /* QuartzCore.framework in Frameworks */ = {isa = PBXBuildFile; fileRef = 13CBD9CA18437E150051051A /* QuartzCore.framework */; };
/* End PBXBuildFile section */

/* Begin PBXContainerItemProxy section */
		1337D7A01839A0AD003BF9C7 /* PBXContainerItemProxy */ = {
			isa = PBXContainerItemProxy;
			containerPortal = 1337D7721839A0AD003BF9C7 /* Project object */;
			proxyType = 1;
			remoteGlobalIDString = 1337D7791839A0AD003BF9C7;
			remoteInfo = Grade;
		};
/* End PBXContainerItemProxy section */

/* Begin PBXFileReference section */
		1337D77A1839A0AD003BF9C7 /* Grade.app */ = {isa = PBXFileReference; explicitFileType = wrapper.application; includeInIndex = 0; path = Grade.app; sourceTree = BUILT_PRODUCTS_DIR; };
		1337D77D1839A0AD003BF9C7 /* Foundation.framework */ = {isa = PBXFileReference; lastKnownFileType = wrapper.framework; name = Foundation.framework; path = System/Library/Frameworks/Foundation.framework; sourceTree = SDKROOT; };
		1337D77F1839A0AD003BF9C7 /* CoreGraphics.framework */ = {isa = PBXFileReference; lastKnownFileType = wrapper.framework; name = CoreGraphics.framework; path = System/Library/Frameworks/CoreGraphics.framework; sourceTree = SDKROOT; };
		1337D7811839A0AD003BF9C7 /* UIKit.framework */ = {isa = PBXFileReference; lastKnownFileType = wrapper.framework; name = UIKit.framework; path = System/Library/Frameworks/UIKit.framework; sourceTree = SDKROOT; };
		1337D7851839A0AD003BF9C7 /* Grade-Info.plist */ = {isa = PBXFileReference; lastKnownFileType = text.plist.xml; path = "Grade-Info.plist"; sourceTree = "<group>"; };
		1337D7871839A0AD003BF9C7 /* en */ = {isa = PBXFileReference; lastKnownFileType = text.plist.strings; name = en; path = en.lproj/InfoPlist.strings; sourceTree = "<group>"; };
		1337D7891839A0AD003BF9C7 /* main.m */ = {isa = PBXFileReference; lastKnownFileType = sourcecode.c.objc; path = main.m; sourceTree = "<group>"; };
		1337D78B1839A0AD003BF9C7 /* Grade-Prefix.pch */ = {isa = PBXFileReference; lastKnownFileType = sourcecode.c.h; path = "Grade-Prefix.pch"; sourceTree = "<group>"; };
		1337D78C1839A0AD003BF9C7 /* AppDelegate.h */ = {isa = PBXFileReference; lastKnownFileType = sourcecode.c.h; path = AppDelegate.h; sourceTree = "<group>"; };
		1337D78D1839A0AD003BF9C7 /* AppDelegate.m */ = {isa = PBXFileReference; lastKnownFileType = sourcecode.c.objc; path = AppDelegate.m; sourceTree = "<group>"; };
		1337D7951839A0AD003BF9C7 /* Images.xcassets */ = {isa = PBXFileReference; lastKnownFileType = folder.assetcatalog; path = Images.xcassets; sourceTree = "<group>"; };
		1337D79B1839A0AD003BF9C7 /* GradeTests.xctest */ = {isa = PBXFileReference; explicitFileType = wrapper.cfbundle; includeInIndex = 0; path = GradeTests.xctest; sourceTree = BUILT_PRODUCTS_DIR; };
		1337D79C1839A0AD003BF9C7 /* XCTest.framework */ = {isa = PBXFileReference; lastKnownFileType = wrapper.framework; name = XCTest.framework; path = Library/Frameworks/XCTest.framework; sourceTree = DEVELOPER_DIR; };
		1337D7A41839A0AD003BF9C7 /* GradeTests-Info.plist */ = {isa = PBXFileReference; lastKnownFileType = text.plist.xml; path = "GradeTests-Info.plist"; sourceTree = "<group>"; };
		1337D7A61839A0AD003BF9C7 /* en */ = {isa = PBXFileReference; lastKnownFileType = text.plist.strings; name = en; path = en.lproj/InfoPlist.strings; sourceTree = "<group>"; };
		1337D7A81839A0AD003BF9C7 /* GradeTests.m */ = {isa = PBXFileReference; lastKnownFileType = sourcecode.c.objc; path = GradeTests.m; sourceTree = "<group>"; };
		1337D7B21839A3E0003BF9C7 /* MessageList.h */ = {isa = PBXFileReference; fileEncoding = 4; lastKnownFileType = sourcecode.c.h; path = MessageList.h; sourceTree = "<group>"; };
		1337D7B31839A3E0003BF9C7 /* MessageList.m */ = {isa = PBXFileReference; fileEncoding = 4; lastKnownFileType = sourcecode.c.objc; path = MessageList.m; sourceTree = "<group>"; };
		1337D7B61839BEFC003BF9C7 /* GrButton.h */ = {isa = PBXFileReference; fileEncoding = 4; lastKnownFileType = sourcecode.c.h; path = GrButton.h; sourceTree = "<group>"; };
		1337D7B71839BEFC003BF9C7 /* GrButton.m */ = {isa = PBXFileReference; fileEncoding = 4; lastKnownFileType = sourcecode.c.objc; path = GrButton.m; sourceTree = "<group>"; };
		135BD5CA18444034003D57C3 /* GradeView.h */ = {isa = PBXFileReference; fileEncoding = 4; lastKnownFileType = sourcecode.c.h; path = GradeView.h; sourceTree = "<group>"; };
		135BD5CB18444034003D57C3 /* GradeView.m */ = {isa = PBXFileReference; fileEncoding = 4; lastKnownFileType = sourcecode.c.objc; path = GradeView.m; sourceTree = "<group>"; };
		135BD5D01844719E003D57C3 /* GradeView.xib */ = {isa = PBXFileReference; fileEncoding = 4; lastKnownFileType = file.xib; path = GradeView.xib; sourceTree = "<group>"; };
		135BD5DB18449C6E003D57C3 /* ViewController.h */ = {isa = PBXFileReference; fileEncoding = 4; lastKnownFileType = sourcecode.c.h; path = ViewController.h; sourceTree = "<group>"; };
		135BD5DC18449C6E003D57C3 /* ViewController.m */ = {isa = PBXFileReference; fileEncoding = 4; lastKnownFileType = sourcecode.c.objc; path = ViewController.m; sourceTree = "<group>"; };
		135BD6081844B872003D57C3 /* CFNetwork.framework */ = {isa = PBXFileReference; lastKnownFileType = wrapper.framework; name = CFNetwork.framework; path = System/Library/Frameworks/CFNetwork.framework; sourceTree = SDKROOT; };
		135BD60A1844B87F003D57C3 /* SystemConfiguration.framework */ = {isa = PBXFileReference; lastKnownFileType = wrapper.framework; name = SystemConfiguration.framework; path = System/Library/Frameworks/SystemConfiguration.framework; sourceTree = SDKROOT; };
		135BD60C1844B889003D57C3 /* MobileCoreServices.framework */ = {isa = PBXFileReference; lastKnownFileType = wrapper.framework; name = MobileCoreServices.framework; path = System/Library/Frameworks/MobileCoreServices.framework; sourceTree = SDKROOT; };
		135BD60E1844B898003D57C3 /* libz.1.2.5.dylib */ = {isa = PBXFileReference; lastKnownFileType = "compiled.mach-o.dylib"; name = libz.1.2.5.dylib; path = usr/lib/libz.1.2.5.dylib; sourceTree = SDKROOT; };
		135BD6131844BC8D003D57C3 /* ASIAuthenticationDialog.h */ = {isa = PBXFileReference; fileEncoding = 4; lastKnownFileType = sourcecode.c.h; path = ASIAuthenticationDialog.h; sourceTree = "<group>"; };
		135BD6141844BC8D003D57C3 /* ASIAuthenticationDialog.m */ = {isa = PBXFileReference; fileEncoding = 4; lastKnownFileType = sourcecode.c.objc; path = ASIAuthenticationDialog.m; sourceTree = "<group>"; };
		135BD6151844BC8D003D57C3 /* ASICacheDelegate.h */ = {isa = PBXFileReference; fileEncoding = 4; lastKnownFileType = sourcecode.c.h; path = ASICacheDelegate.h; sourceTree = "<group>"; };
		135BD6161844BC8D003D57C3 /* ASIDataCompressor.h */ = {isa = PBXFileReference; fileEncoding = 4; lastKnownFileType = sourcecode.c.h; path = ASIDataCompressor.h; sourceTree = "<group>"; };
		135BD6171844BC8D003D57C3 /* ASIDataCompressor.m */ = {isa = PBXFileReference; fileEncoding = 4; lastKnownFileType = sourcecode.c.objc; path = ASIDataCompressor.m; sourceTree = "<group>"; };
		135BD6181844BC8D003D57C3 /* ASIDataDecompressor.h */ = {isa = PBXFileReference; fileEncoding = 4; lastKnownFileType = sourcecode.c.h; path = ASIDataDecompressor.h; sourceTree = "<group>"; };
		135BD6191844BC8D003D57C3 /* ASIDataDecompressor.m */ = {isa = PBXFileReference; fileEncoding = 4; lastKnownFileType = sourcecode.c.objc; path = ASIDataDecompressor.m; sourceTree = "<group>"; };
		135BD61A1844BC8D003D57C3 /* ASIDownloadCache.h */ = {isa = PBXFileReference; fileEncoding = 4; lastKnownFileType = sourcecode.c.h; path = ASIDownloadCache.h; sourceTree = "<group>"; };
		135BD61B1844BC8D003D57C3 /* ASIDownloadCache.m */ = {isa = PBXFileReference; fileEncoding = 4; lastKnownFileType = sourcecode.c.objc; path = ASIDownloadCache.m; sourceTree = "<group>"; };
		135BD61C1844BC8D003D57C3 /* ASIFormDataRequest.h */ = {isa = PBXFileReference; fileEncoding = 4; lastKnownFileType = sourcecode.c.h; path = ASIFormDataRequest.h; sourceTree = "<group>"; };
		135BD61D1844BC8D003D57C3 /* ASIFormDataRequest.m */ = {isa = PBXFileReference; fileEncoding = 4; lastKnownFileType = sourcecode.c.objc; path = ASIFormDataRequest.m; sourceTree = "<group>"; };
		135BD61E1844BC8D003D57C3 /* ASIHTTPRequest.h */ = {isa = PBXFileReference; fileEncoding = 4; lastKnownFileType = sourcecode.c.h; path = ASIHTTPRequest.h; sourceTree = "<group>"; };
		135BD61F1844BC8D003D57C3 /* ASIHTTPRequest.m */ = {isa = PBXFileReference; fileEncoding = 4; lastKnownFileType = sourcecode.c.objc; path = ASIHTTPRequest.m; sourceTree = "<group>"; };
		135BD6201844BC8D003D57C3 /* ASIHTTPRequestConfig.h */ = {isa = PBXFileReference; fileEncoding = 4; lastKnownFileType = sourcecode.c.h; path = ASIHTTPRequestConfig.h; sourceTree = "<group>"; };
		135BD6211844BC8D003D57C3 /* ASIHTTPRequestDelegate.h */ = {isa = PBXFileReference; fileEncoding = 4; lastKnownFileType = sourcecode.c.h; path = ASIHTTPRequestDelegate.h; sourceTree = "<group>"; };
		135BD6221844BC8D003D57C3 /* ASIInputStream.h */ = {isa = PBXFileReference; fileEncoding = 4; lastKnownFileType = sourcecode.c.h; path = ASIInputStream.h; sourceTree = "<group>"; };
		135BD6231844BC8D003D57C3 /* ASIInputStream.m */ = {isa = PBXFileReference; fileEncoding = 4; lastKnownFileType = sourcecode.c.objc; path = ASIInputStream.m; sourceTree = "<group>"; };
		135BD6241844BC8D003D57C3 /* ASINetworkQueue.h */ = {isa = PBXFileReference; fileEncoding = 4; lastKnownFileType = sourcecode.c.h; path = ASINetworkQueue.h; sourceTree = "<group>"; };
		135BD6251844BC8D003D57C3 /* ASINetworkQueue.m */ = {isa = PBXFileReference; fileEncoding = 4; lastKnownFileType = sourcecode.c.objc; path = ASINetworkQueue.m; sourceTree = "<group>"; };
		135BD6261844BC8D003D57C3 /* ASIProgressDelegate.h */ = {isa = PBXFileReference; fileEncoding = 4; lastKnownFileType = sourcecode.c.h; path = ASIProgressDelegate.h; sourceTree = "<group>"; };
		135BD6291844BC8D003D57C3 /* README-GHUnit */ = {isa = PBXFileReference; fileEncoding = 4; lastKnownFileType = text; path = "README-GHUnit"; sourceTree = "<group>"; };
		135BD62B1844BC8D003D57C3 /* PKReachability.h */ = {isa = PBXFileReference; fileEncoding = 4; lastKnownFileType = sourcecode.c.h; path = PKReachability.h; sourceTree = "<group>"; };
		135BD62C1844BC8D003D57C3 /* PKReachability.m */ = {isa = PBXFileReference; fileEncoding = 4; lastKnownFileType = sourcecode.c.objc; path = PKReachability.m; sourceTree = "<group>"; };
		135F3387183DA5AE0045ADFB /* GradeInfo.plist */ = {isa = PBXFileReference; fileEncoding = 4; lastKnownFileType = text.plist.xml; name = GradeInfo.plist; path = ../GradeInfo.plist; sourceTree = "<group>"; };
		136B2793183B63480094F29D /* 2.jpg */ = {isa = PBXFileReference; lastKnownFileType = image.jpeg; path = 2.jpg; sourceTree = "<group>"; };
		136B2794183B63480094F29D /* 1.jpg */ = {isa = PBXFileReference; lastKnownFileType = image.jpeg; path = 1.jpg; sourceTree = "<group>"; };
		136B2795183B63480094F29D /* 0.jpg */ = {isa = PBXFileReference; lastKnownFileType = image.jpeg; path = 0.jpg; sourceTree = "<group>"; };
		136EDC741875881200305A3B /* Thank_image.jpg */ = {isa = PBXFileReference; lastKnownFileType = image.jpeg; path = Thank_image.jpg; sourceTree = "<group>"; };
		13A6E85518758E4D0023855E /* ViewController.xib */ = {isa = PBXFileReference; fileEncoding = 4; lastKnownFileType = file.xib; path = ViewController.xib; sourceTree = "<group>"; };
		13A6E85A1875914F0023855E /* title_2.png */ = {isa = PBXFileReference; lastKnownFileType = image.png; path = title_2.png; sourceTree = "<group>"; };
		13A6E85C187591520023855E /* title_3.png */ = {isa = PBXFileReference; lastKnownFileType = image.png; path = title_3.png; sourceTree = "<group>"; };
		13A6E85E187591580023855E /* title_4.png */ = {isa = PBXFileReference; lastKnownFileType = image.png; path = title_4.png; sourceTree = "<group>"; };
		13A6E8601875915B0023855E /* title_5.png */ = {isa = PBXFileReference; lastKnownFileType = image.png; path = title_5.png; sourceTree = "<group>"; };
		13A6E8621875918F0023855E /* logo.png */ = {isa = PBXFileReference; lastKnownFileType = image.png; path = logo.png; sourceTree = "<group>"; };
		13A6E864187594780023855E /* title_1.png */ = {isa = PBXFileReference; lastKnownFileType = image.png; path = title_1.png; sourceTree = "<group>"; };
		13CBD9C818437E0A0051051A /* CoreData.framework */ = {isa = PBXFileReference; lastKnownFileType = wrapper.framework; name = CoreData.framework; path = System/Library/Frameworks/CoreData.framework; sourceTree = SDKROOT; };
		13CBD9CA18437E150051051A /* QuartzCore.framework */ = {isa = PBXFileReference; lastKnownFileType = wrapper.framework; name = QuartzCore.framework; path = System/Library/Frameworks/QuartzCore.framework; sourceTree = SDKROOT; };
/* End PBXFileReference section */

/* Begin PBXFrameworksBuildPhase section */
		1337D7771839A0AD003BF9C7 /* Frameworks */ = {
			isa = PBXFrameworksBuildPhase;
			buildActionMask = 2147483647;
			files = (
				135BD60F1844B899003D57C3 /* libz.1.2.5.dylib in Frameworks */,
				135BD60D1844B889003D57C3 /* MobileCoreServices.framework in Frameworks */,
				135BD60B1844B87F003D57C3 /* SystemConfiguration.framework in Frameworks */,
				135BD6091844B872003D57C3 /* CFNetwork.framework in Frameworks */,
				13CBD9CB18437E150051051A /* QuartzCore.framework in Frameworks */,
				13CBD9C918437E0A0051051A /* CoreData.framework in Frameworks */,
				1337D7801839A0AD003BF9C7 /* CoreGraphics.framework in Frameworks */,
				1337D7821839A0AD003BF9C7 /* UIKit.framework in Frameworks */,
				1337D77E1839A0AD003BF9C7 /* Foundation.framework in Frameworks */,
			);
			runOnlyForDeploymentPostprocessing = 0;
		};
		1337D7981839A0AD003BF9C7 /* Frameworks */ = {
			isa = PBXFrameworksBuildPhase;
			buildActionMask = 2147483647;
			files = (
				1337D79D1839A0AD003BF9C7 /* XCTest.framework in Frameworks */,
				1337D79F1839A0AD003BF9C7 /* UIKit.framework in Frameworks */,
				1337D79E1839A0AD003BF9C7 /* Foundation.framework in Frameworks */,
			);
			runOnlyForDeploymentPostprocessing = 0;
		};
/* End PBXFrameworksBuildPhase section */

/* Begin PBXGroup section */
		1337D7711839A0AD003BF9C7 = {
			isa = PBXGroup;
			children = (
				13A6E8571875910D0023855E /* Image */,
				13A6E85518758E4D0023855E /* ViewController.xib */,
				135BD6121844BC8D003D57C3 /* ASIHttpLib */,
				1337D7831839A0AD003BF9C7 /* Grade */,
				1337D7A21839A0AD003BF9C7 /* GradeTests */,
				1337D77C1839A0AD003BF9C7 /* Frameworks */,
				1337D77B1839A0AD003BF9C7 /* Products */,
			);
			sourceTree = "<group>";
		};
		1337D77B1839A0AD003BF9C7 /* Products */ = {
			isa = PBXGroup;
			children = (
				1337D77A1839A0AD003BF9C7 /* Grade.app */,
				1337D79B1839A0AD003BF9C7 /* GradeTests.xctest */,
			);
			name = Products;
			sourceTree = "<group>";
		};
		1337D77C1839A0AD003BF9C7 /* Frameworks */ = {
			isa = PBXGroup;
			children = (
				135BD60E1844B898003D57C3 /* libz.1.2.5.dylib */,
				135BD60C1844B889003D57C3 /* MobileCoreServices.framework */,
				135BD60A1844B87F003D57C3 /* SystemConfiguration.framework */,
				135BD6081844B872003D57C3 /* CFNetwork.framework */,
				13CBD9CA18437E150051051A /* QuartzCore.framework */,
				13CBD9C818437E0A0051051A /* CoreData.framework */,
				1337D77D1839A0AD003BF9C7 /* Foundation.framework */,
				1337D77F1839A0AD003BF9C7 /* CoreGraphics.framework */,
				1337D7811839A0AD003BF9C7 /* UIKit.framework */,
				1337D79C1839A0AD003BF9C7 /* XCTest.framework */,
			);
			name = Frameworks;
			sourceTree = "<group>";
		};
		1337D7831839A0AD003BF9C7 /* Grade */ = {
			isa = PBXGroup;
			children = (
				1337D7B51839ACB7003BF9C7 /* iPad */,
				1337D78C1839A0AD003BF9C7 /* AppDelegate.h */,
				1337D78D1839A0AD003BF9C7 /* AppDelegate.m */,
				135BD5DB18449C6E003D57C3 /* ViewController.h */,
				135BD5DC18449C6E003D57C3 /* ViewController.m */,
				1337D7B61839BEFC003BF9C7 /* GrButton.h */,
				1337D7B71839BEFC003BF9C7 /* GrButton.m */,
				135BD5CA18444034003D57C3 /* GradeView.h */,
				135BD5CB18444034003D57C3 /* GradeView.m */,
				135BD5D01844719E003D57C3 /* GradeView.xib */,
				1337D7B21839A3E0003BF9C7 /* MessageList.h */,
				1337D7B31839A3E0003BF9C7 /* MessageList.m */,
				1337D7951839A0AD003BF9C7 /* Images.xcassets */,
				1337D7841839A0AD003BF9C7 /* Supporting Files */,
			);
			path = Grade;
			sourceTree = "<group>";
		};
		1337D7841839A0AD003BF9C7 /* Supporting Files */ = {
			isa = PBXGroup;
			children = (
				136EDC741875881200305A3B /* Thank_image.jpg */,
				136B2793183B63480094F29D /* 2.jpg */,
				136B2794183B63480094F29D /* 1.jpg */,
				136B2795183B63480094F29D /* 0.jpg */,
				1337D7851839A0AD003BF9C7 /* Grade-Info.plist */,
				1337D7861839A0AD003BF9C7 /* InfoPlist.strings */,
				1337D7891839A0AD003BF9C7 /* main.m */,
				1337D78B1839A0AD003BF9C7 /* Grade-Prefix.pch */,
			);
			name = "Supporting Files";
			sourceTree = "<group>";
		};
		1337D7A21839A0AD003BF9C7 /* GradeTests */ = {
			isa = PBXGroup;
			children = (
				1337D7A81839A0AD003BF9C7 /* GradeTests.m */,
				1337D7A31839A0AD003BF9C7 /* Supporting Files */,
			);
			path = GradeTests;
			sourceTree = "<group>";
		};
		1337D7A31839A0AD003BF9C7 /* Supporting Files */ = {
			isa = PBXGroup;
			children = (
				1337D7A41839A0AD003BF9C7 /* GradeTests-Info.plist */,
				1337D7A51839A0AD003BF9C7 /* InfoPlist.strings */,
				135F3387183DA5AE0045ADFB /* GradeInfo.plist */,
			);
			name = "Supporting Files";
			sourceTree = "<group>";
		};
		1337D7B51839ACB7003BF9C7 /* iPad */ = {
			isa = PBXGroup;
			children = (
			);
			name = iPad;
			sourceTree = "<group>";
		};
		135BD6121844BC8D003D57C3 /* ASIHttpLib */ = {
			isa = PBXGroup;
			children = (
				135BD6131844BC8D003D57C3 /* ASIAuthenticationDialog.h */,
				135BD6141844BC8D003D57C3 /* ASIAuthenticationDialog.m */,
				135BD6151844BC8D003D57C3 /* ASICacheDelegate.h */,
				135BD6161844BC8D003D57C3 /* ASIDataCompressor.h */,
				135BD6171844BC8D003D57C3 /* ASIDataCompressor.m */,
				135BD6181844BC8D003D57C3 /* ASIDataDecompressor.h */,
				135BD6191844BC8D003D57C3 /* ASIDataDecompressor.m */,
				135BD61A1844BC8D003D57C3 /* ASIDownloadCache.h */,
				135BD61B1844BC8D003D57C3 /* ASIDownloadCache.m */,
				135BD61C1844BC8D003D57C3 /* ASIFormDataRequest.h */,
				135BD61D1844BC8D003D57C3 /* ASIFormDataRequest.m */,
				135BD61E1844BC8D003D57C3 /* ASIHTTPRequest.h */,
				135BD61F1844BC8D003D57C3 /* ASIHTTPRequest.m */,
				135BD6201844BC8D003D57C3 /* ASIHTTPRequestConfig.h */,
				135BD6211844BC8D003D57C3 /* ASIHTTPRequestDelegate.h */,
				135BD6221844BC8D003D57C3 /* ASIInputStream.h */,
				135BD6231844BC8D003D57C3 /* ASIInputStream.m */,
				135BD6241844BC8D003D57C3 /* ASINetworkQueue.h */,
				135BD6251844BC8D003D57C3 /* ASINetworkQueue.m */,
				135BD6261844BC8D003D57C3 /* ASIProgressDelegate.h */,
				135BD6271844BC8D003D57C3 /* External */,
			);
			path = ASIHttpLib;
			sourceTree = "<group>";
		};
		135BD6271844BC8D003D57C3 /* External */ = {
			isa = PBXGroup;
			children = (
				135BD6281844BC8D003D57C3 /* GHUnit */,
				135BD62A1844BC8D003D57C3 /* Reachability */,
			);
			path = External;
			sourceTree = "<group>";
		};
		135BD6281844BC8D003D57C3 /* GHUnit */ = {
			isa = PBXGroup;
			children = (
				135BD6291844BC8D003D57C3 /* README-GHUnit */,
			);
			path = GHUnit;
			sourceTree = "<group>";
		};
		135BD62A1844BC8D003D57C3 /* Reachability */ = {
			isa = PBXGroup;
			children = (
				135BD62B1844BC8D003D57C3 /* PKReachability.h */,
				135BD62C1844BC8D003D57C3 /* PKReachability.m */,
			);
			path = Reachability;
			sourceTree = "<group>";
		};
		13A6E8571875910D0023855E /* Image */ = {
			isa = PBXGroup;
			children = (
				13A6E8621875918F0023855E /* logo.png */,
				13A6E864187594780023855E /* title_1.png */,
				13A6E85A1875914F0023855E /* title_2.png */,
				13A6E85C187591520023855E /* title_3.png */,
				13A6E85E187591580023855E /* title_4.png */,
				13A6E8601875915B0023855E /* title_5.png */,
			);
			name = Image;
			sourceTree = "<group>";
		};
/* End PBXGroup section */

/* Begin PBXNativeTarget section */
		1337D7791839A0AD003BF9C7 /* Grade */ = {
			isa = PBXNativeTarget;
			buildConfigurationList = 1337D7AC1839A0AD003BF9C7 /* Build configuration list for PBXNativeTarget "Grade" */;
			buildPhases = (
				1337D7761839A0AD003BF9C7 /* Sources */,
				1337D7771839A0AD003BF9C7 /* Frameworks */,
				1337D7781839A0AD003BF9C7 /* Resources */,
			);
			buildRules = (
			);
			dependencies = (
			);
			name = Grade;
			productName = Grade;
			productReference = 1337D77A1839A0AD003BF9C7 /* Grade.app */;
			productType = "com.apple.product-type.application";
		};
		1337D79A1839A0AD003BF9C7 /* GradeTests */ = {
			isa = PBXNativeTarget;
			buildConfigurationList = 1337D7AF1839A0AD003BF9C7 /* Build configuration list for PBXNativeTarget "GradeTests" */;
			buildPhases = (
				1337D7971839A0AD003BF9C7 /* Sources */,
				1337D7981839A0AD003BF9C7 /* Frameworks */,
				1337D7991839A0AD003BF9C7 /* Resources */,
			);
			buildRules = (
			);
			dependencies = (
				1337D7A11839A0AD003BF9C7 /* PBXTargetDependency */,
			);
			name = GradeTests;
			productName = GradeTests;
			productReference = 1337D79B1839A0AD003BF9C7 /* GradeTests.xctest */;
			productType = "com.apple.product-type.bundle.unit-test";
		};
/* End PBXNativeTarget section */

/* Begin PBXProject section */
		1337D7721839A0AD003BF9C7 /* Project object */ = {
			isa = PBXProject;
			attributes = {
				LastUpgradeCheck = 0500;
				ORGANIZATIONNAME = yzk;
				TargetAttributes = {
					1337D79A1839A0AD003BF9C7 = {
						TestTargetID = 1337D7791839A0AD003BF9C7;
					};
				};
			};
			buildConfigurationList = 1337D7751839A0AD003BF9C7 /* Build configuration list for PBXProject "Grade" */;
			compatibilityVersion = "Xcode 3.2";
			developmentRegion = English;
			hasScannedForEncodings = 0;
			knownRegions = (
				en,
				Base,
			);
			mainGroup = 1337D7711839A0AD003BF9C7;
			productRefGroup = 1337D77B1839A0AD003BF9C7 /* Products */;
			projectDirPath = "";
			projectRoot = "";
			targets = (
				1337D7791839A0AD003BF9C7 /* Grade */,
				1337D79A1839A0AD003BF9C7 /* GradeTests */,
			);
		};
/* End PBXProject section */

/* Begin PBXResourcesBuildPhase section */
		1337D7781839A0AD003BF9C7 /* Resources */ = {
			isa = PBXResourcesBuildPhase;
			buildActionMask = 2147483647;
			files = (
				13A6E865187594780023855E /* title_1.png in Resources */,
				13A6E85D187591520023855E /* title_3.png in Resources */,
				13A6E85618758E4D0023855E /* ViewController.xib in Resources */,
				13A6E8611875915B0023855E /* title_5.png in Resources */,
				136B2798183B63480094F29D /* 0.jpg in Resources */,
				13A6E85F187591580023855E /* title_4.png in Resources */,
				1337D7961839A0AD003BF9C7 /* Images.xcassets in Resources */,
				135BD5D11844719E003D57C3 /* GradeView.xib in Resources */,
				136EDC751875881200305A3B /* Thank_image.jpg in Resources */,
				13A6E85B1875914F0023855E /* title_2.png in Resources */,
				1337D7881839A0AD003BF9C7 /* InfoPlist.strings in Resources */,
				136B2796183B63480094F29D /* 2.jpg in Resources */,
				13A6E8631875918F0023855E /* logo.png in Resources */,
				135F3388183DA5AE0045ADFB /* GradeInfo.plist in Resources */,
				136B2797183B63480094F29D /* 1.jpg in Resources */,
				135BD6351844BC8D003D57C3 /* README-GHUnit in Resources */,
			);
			runOnlyForDeploymentPostprocessing = 0;
		};
		1337D7991839A0AD003BF9C7 /* Resources */ = {
			isa = PBXResourcesBuildPhase;
			buildActionMask = 2147483647;
			files = (
				1337D7A71839A0AD003BF9C7 /* InfoPlist.strings in Resources */,
			);
			runOnlyForDeploymentPostprocessing = 0;
		};
/* End PBXResourcesBuildPhase section */

/* Begin PBXSourcesBuildPhase section */
		1337D7761839A0AD003BF9C7 /* Sources */ = {
			isa = PBXSourcesBuildPhase;
			buildActionMask = 2147483647;
			files = (
				135BD5DD18449C6E003D57C3 /* ViewController.m in Sources */,
				135BD6331844BC8D003D57C3 /* ASIInputStream.m in Sources */,
				1337D7B81839BEFC003BF9C7 /* GrButton.m in Sources */,
				135BD6301844BC8D003D57C3 /* ASIDownloadCache.m in Sources */,
				135BD62E1844BC8D003D57C3 /* ASIDataCompressor.m in Sources */,
				135BD5CC18444034003D57C3 /* GradeView.m in Sources */,
				135BD6321844BC8D003D57C3 /* ASIHTTPRequest.m in Sources */,
				1337D7B41839A3E0003BF9C7 /* MessageList.m in Sources */,
				135BD62F1844BC8D003D57C3 /* ASIDataDecompressor.m in Sources */,
				1337D78E1839A0AD003BF9C7 /* AppDelegate.m in Sources */,
				135BD6361844BC8D003D57C3 /* PKReachability.m in Sources */,
				135BD6341844BC8D003D57C3 /* ASINetworkQueue.m in Sources */,
				135BD62D1844BC8D003D57C3 /* ASIAuthenticationDialog.m in Sources */,
				135BD6311844BC8D003D57C3 /* ASIFormDataRequest.m in Sources */,
				1337D78A1839A0AD003BF9C7 /* main.m in Sources */,
			);
			runOnlyForDeploymentPostprocessing = 0;
		};
		1337D7971839A0AD003BF9C7 /* Sources */ = {
			isa = PBXSourcesBuildPhase;
			buildActionMask = 2147483647;
			files = (
				1337D7A91839A0AD003BF9C7 /* GradeTests.m in Sources */,
			);
			runOnlyForDeploymentPostprocessing = 0;
		};
/* End PBXSourcesBuildPhase section */

/* Begin PBXTargetDependency section */
		1337D7A11839A0AD003BF9C7 /* PBXTargetDependency */ = {
			isa = PBXTargetDependency;
			target = 1337D7791839A0AD003BF9C7 /* Grade */;
			targetProxy = 1337D7A01839A0AD003BF9C7 /* PBXContainerItemProxy */;
		};
/* End PBXTargetDependency section */

/* Begin PBXVariantGroup section */
		1337D7861839A0AD003BF9C7 /* InfoPlist.strings */ = {
			isa = PBXVariantGroup;
			children = (
				1337D7871839A0AD003BF9C7 /* en */,
			);
			name = InfoPlist.strings;
			sourceTree = "<group>";
		};
		1337D7A51839A0AD003BF9C7 /* InfoPlist.strings */ = {
			isa = PBXVariantGroup;
			children = (
				1337D7A61839A0AD003BF9C7 /* en */,
			);
			name = InfoPlist.strings;
			sourceTree = "<group>";
		};
/* End PBXVariantGroup section */

/* Begin XCBuildConfiguration section */
		1337D7AA1839A0AD003BF9C7 /* Debug */ = {
			isa = XCBuildConfiguration;
			buildSettings = {
				ALWAYS_SEARCH_USER_PATHS = NO;
				ARCHS = "$(ARCHS_STANDARD_INCLUDING_64_BIT)";
				CLANG_CXX_LANGUAGE_STANDARD = "gnu++0x";
				CLANG_CXX_LIBRARY = "libc++";
				CLANG_ENABLE_MODULES = YES;
				CLANG_ENABLE_OBJC_ARC = YES;
				CLANG_WARN_BOOL_CONVERSION = YES;
				CLANG_WARN_CONSTANT_CONVERSION = YES;
				CLANG_WARN_DIRECT_OBJC_ISA_USAGE = YES_ERROR;
				CLANG_WARN_EMPTY_BODY = YES;
				CLANG_WARN_ENUM_CONVERSION = YES;
				CLANG_WARN_INT_CONVERSION = YES;
				CLANG_WARN_OBJC_ROOT_CLASS = YES_ERROR;
				CLANG_WARN__DUPLICATE_METHOD_MATCH = YES;
				CODE_SIGN_IDENTITY = "iPhone Developer";
				"CODE_SIGN_IDENTITY[sdk=iphoneos*]" = "iPhone Developer";
				COPY_PHASE_STRIP = NO;
				GCC_C_LANGUAGE_STANDARD = gnu99;
				GCC_DYNAMIC_NO_PIC = NO;
				GCC_OPTIMIZATION_LEVEL = 0;
				GCC_PREPROCESSOR_DEFINITIONS = (
					"DEBUG=1",
					"$(inherited)",
				);
				GCC_SYMBOLS_PRIVATE_EXTERN = NO;
				GCC_WARN_64_TO_32_BIT_CONVERSION = YES;
				GCC_WARN_ABOUT_RETURN_TYPE = YES_ERROR;
				GCC_WARN_UNDECLARED_SELECTOR = YES;
				GCC_WARN_UNINITIALIZED_AUTOS = YES;
				GCC_WARN_UNUSED_FUNCTION = YES;
				GCC_WARN_UNUSED_VARIABLE = YES;
				IPHONEOS_DEPLOYMENT_TARGET = 5.1;
				ONLY_ACTIVE_ARCH = YES;
				SDKROOT = iphoneos;
				TARGETED_DEVICE_FAMILY = 2;
			};
			name = Debug;
		};
		1337D7AB1839A0AD003BF9C7 /* Release */ = {
			isa = XCBuildConfiguration;
			buildSettings = {
				ALWAYS_SEARCH_USER_PATHS = NO;
				ARCHS = "$(ARCHS_STANDARD_INCLUDING_64_BIT)";
				CLANG_CXX_LANGUAGE_STANDARD = "gnu++0x";
				CLANG_CXX_LIBRARY = "libc++";
				CLANG_ENABLE_MODULES = YES;
				CLANG_ENABLE_OBJC_ARC = YES;
				CLANG_WARN_BOOL_CONVERSION = YES;
				CLANG_WARN_CONSTANT_CONVERSION = YES;
				CLANG_WARN_DIRECT_OBJC_ISA_USAGE = YES_ERROR;
				CLANG_WARN_EMPTY_BODY = YES;
				CLANG_WARN_ENUM_CONVERSION = YES;
				CLANG_WARN_INT_CONVERSION = YES;
				CLANG_WARN_OBJC_ROOT_CLASS = YES_ERROR;
				CLANG_WARN__DUPLICATE_METHOD_MATCH = YES;
				CODE_SIGN_IDENTITY = "iPhone Developer";
				"CODE_SIGN_IDENTITY[sdk=iphoneos*]" = "iPhone Developer";
				COPY_PHASE_STRIP = YES;
				ENABLE_NS_ASSERTIONS = NO;
				GCC_C_LANGUAGE_STANDARD = gnu99;
				GCC_WARN_64_TO_32_BIT_CONVERSION = YES;
				GCC_WARN_ABOUT_RETURN_TYPE = YES_ERROR;
				GCC_WARN_UNDECLARED_SELECTOR = YES;
				GCC_WARN_UNINITIALIZED_AUTOS = YES;
				GCC_WARN_UNUSED_FUNCTION = YES;
				GCC_WARN_UNUSED_VARIABLE = YES;
				IPHONEOS_DEPLOYMENT_TARGET = 5.1;
				SDKROOT = iphoneos;
				TARGETED_DEVICE_FAMILY = 2;
				VALIDATE_PRODUCT = YES;
			};
			name = Release;
		};
		1337D7AD1839A0AD003BF9C7 /* Debug */ = {
			isa = XCBuildConfiguration;
			buildSettings = {
				ASSETCATALOG_COMPILER_APPICON_NAME = AppIcon;
				ASSETCATALOG_COMPILER_LAUNCHIMAGE_NAME = LaunchImage;
				CLANG_ENABLE_OBJC_ARC = NO;
				CODE_SIGN_IDENTITY = "iPhone Developer";
				GCC_PRECOMPILE_PREFIX_HEADER = YES;
				GCC_PREFIX_HEADER = "Grade/Grade-Prefix.pch";
				INFOPLIST_FILE = "Grade/Grade-Info.plist";
				IPHONEOS_DEPLOYMENT_TARGET = 7.0;
				PRODUCT_NAME = "$(TARGET_NAME)";
				SDKROOT = iphoneos;
				TARGETED_DEVICE_FAMILY = 2;
				WRAPPER_EXTENSION = app;
			};
			name = Debug;
		};
		1337D7AE1839A0AD003BF9C7 /* Release */ = {
			isa = XCBuildConfiguration;
			buildSettings = {
				ASSETCATALOG_COMPILER_APPICON_NAME = AppIcon;
				ASSETCATALOG_COMPILER_LAUNCHIMAGE_NAME = LaunchImage;
				CLANG_ENABLE_OBJC_ARC = NO;
				CODE_SIGN_IDENTITY = "iPhone Developer";
				GCC_PRECOMPILE_PREFIX_HEADER = YES;
				GCC_PREFIX_HEADER = "Grade/Grade-Prefix.pch";
				INFOPLIST_FILE = "Grade/Grade-Info.plist";
				IPHONEOS_DEPLOYMENT_TARGET = 7.0;
				PRODUCT_NAME = "$(TARGET_NAME)";
				SDKROOT = iphoneos;
				TARGETED_DEVICE_FAMILY = 2;
				WRAPPER_EXTENSION = app;
			};
			name = Release;
		};
		1337D7B01839A0AD003BF9C7 /* Debug */ = {
			isa = XCBuildConfiguration;
			buildSettings = {
				ARCHS = "$(ARCHS_STANDARD_INCLUDING_64_BIT)";
				BUNDLE_LOADER = "$(BUILT_PRODUCTS_DIR)/Grade.app/Grade";
				FRAMEWORK_SEARCH_PATHS = (
					"$(SDKROOT)/Developer/Library/Frameworks",
					"$(inherited)",
					"$(DEVELOPER_FRAMEWORKS_DIR)",
				);
				GCC_PRECOMPILE_PREFIX_HEADER = YES;
				GCC_PREFIX_HEADER = "Grade/Grade-Prefix.pch";
				GCC_PREPROCESSOR_DEFINITIONS = (
					"DEBUG=1",
					"$(inherited)",
				);
				INFOPLIST_FILE = "GradeTests/GradeTests-Info.plist";
				PRODUCT_NAME = "$(TARGET_NAME)";
				TEST_HOST = "$(BUNDLE_LOADER)";
				WRAPPER_EXTENSION = xctest;
			};
			name = Debug;
		};
		1337D7B11839A0AD003BF9C7 /* Release */ = {
			isa = XCBuildConfiguration;
			buildSettings = {
				ARCHS = "$(ARCHS_STANDARD_INCLUDING_64_BIT)";
				BUNDLE_LOADER = "$(BUILT_PRODUCTS_DIR)/Grade.app/Grade";
				FRAMEWORK_SEARCH_PATHS = (
					"$(SDKROOT)/Developer/Library/Frameworks",
					"$(inherited)",
					"$(DEVELOPER_FRAMEWORKS_DIR)",
				);
				GCC_PRECOMPILE_PREFIX_HEADER = YES;
				GCC_PREFIX_HEADER = "Grade/Grade-Prefix.pch";
				INFOPLIST_FILE = "GradeTests/GradeTests-Info.plist";
				PRODUCT_NAME = "$(TARGET_NAME)";
				TEST_HOST = "$(BUNDLE_LOADER)";
				WRAPPER_EXTENSION = xctest;
			};
			name = Release;
		};
/* End XCBuildConfiguration section */

/* Begin XCConfigurationList section */
		1337D7751839A0AD003BF9C7 /* Build configuration list for PBXProject "Grade" */ = {
			isa = XCConfigurationList;
			buildConfigurations = (
				1337D7AA1839A0AD003BF9C7 /* Debug */,
				1337D7AB1839A0AD003BF9C7 /* Release */,
			);
			defaultConfigurationIsVisible = 0;
			defaultConfigurationName = Release;
		};
		1337D7AC1839A0AD003BF9C7 /* Build configuration list for PBXNativeTarget "Grade" */ = {
			isa = XCConfigurationList;
			buildConfigurations = (
				1337D7AD1839A0AD003BF9C7 /* Debug */,
				1337D7AE1839A0AD003BF9C7 /* Release */,
			);
			defaultConfigurationIsVisible = 0;
			defaultConfigurationName = Release;
		};
		1337D7AF1839A0AD003BF9C7 /* Build configuration list for PBXNativeTarget "GradeTests" */ = {
			isa = XCConfigurationList;
			buildConfigurations = (
				1337D7B01839A0AD003BF9C7 /* Debug */,
				1337D7B11839A0AD003BF9C7 /* Release */,
			);
			defaultConfigurationIsVisible = 0;
			defaultConfigurationName = Release;
		};
/* End XCConfigurationList section */
	};
	rootObject = 1337D7721839A0AD003BF9C7 /* Project object */;
}
